// !$*UTF8*$!
{
	archiveVersion = 1;
	classes = {
	};
	objectVersion = 50;
	objects = {

/* Begin PBXBuildFile section */
		861BB44A23D16394008B7A43 /* AppDelegate.swift in Sources */ = {isa = PBXBuildFile; fileRef = 861BB44923D16394008B7A43 /* AppDelegate.swift */; };
		861BB44C23D16394008B7A43 /* SceneDelegate.swift in Sources */ = {isa = PBXBuildFile; fileRef = 861BB44B23D16394008B7A43 /* SceneDelegate.swift */; };
		861BB44F23D16394008B7A43 /* HotCoffeeApp.xcdatamodeld in Sources */ = {isa = PBXBuildFile; fileRef = 861BB44D23D16394008B7A43 /* HotCoffeeApp.xcdatamodeld */; };
		861BB45123D16394008B7A43 /* ContentView.swift in Sources */ = {isa = PBXBuildFile; fileRef = 861BB45023D16394008B7A43 /* ContentView.swift */; };
		861BB45323D16398008B7A43 /* Assets.xcassets in Resources */ = {isa = PBXBuildFile; fileRef = 861BB45223D16398008B7A43 /* Assets.xcassets */; };
		861BB45623D16398008B7A43 /* Preview Assets.xcassets in Resources */ = {isa = PBXBuildFile; fileRef = 861BB45523D16398008B7A43 /* Preview Assets.xcassets */; };
		861BB45923D16398008B7A43 /* LaunchScreen.storyboard in Resources */ = {isa = PBXBuildFile; fileRef = 861BB45723D16398008B7A43 /* LaunchScreen.storyboard */; };
		861BB46223D16515008B7A43 /* CoreDataManager.swift in Sources */ = {isa = PBXBuildFile; fileRef = 861BB46123D16515008B7A43 /* CoreDataManager.swift */; };
		861BB46523D16619008B7A43 /* NSManagedObjectContext+Extensions.swift in Sources */ = {isa = PBXBuildFile; fileRef = 861BB46423D16619008B7A43 /* NSManagedObjectContext+Extensions.swift */; };
		861BB46823D17C4A008B7A43 /* AddOrderViewModel.swift in Sources */ = {isa = PBXBuildFile; fileRef = 861BB46723D17C4A008B7A43 /* AddOrderViewModel.swift */; };
		861BB46B23D17CA8008B7A43 /* AddOrderView.swift in Sources */ = {isa = PBXBuildFile; fileRef = 861BB46A23D17CA8008B7A43 /* AddOrderView.swift */; };
/* End PBXBuildFile section */

/* Begin PBXFileReference section */
		861BB44623D16394008B7A43 /* HotCoffeeApp.app */ = {isa = PBXFileReference; explicitFileType = wrapper.application; includeInIndex = 0; path = HotCoffeeApp.app; sourceTree = BUILT_PRODUCTS_DIR; };
		861BB44923D16394008B7A43 /* AppDelegate.swift */ = {isa = PBXFileReference; lastKnownFileType = sourcecode.swift; path = AppDelegate.swift; sourceTree = "<group>"; };
		861BB44B23D16394008B7A43 /* SceneDelegate.swift */ = {isa = PBXFileReference; lastKnownFileType = sourcecode.swift; path = SceneDelegate.swift; sourceTree = "<group>"; };
		861BB44E23D16394008B7A43 /* HotCoffeeApp.xcdatamodel */ = {isa = PBXFileReference; lastKnownFileType = wrapper.xcdatamodel; path = HotCoffeeApp.xcdatamodel; sourceTree = "<group>"; };
		861BB45023D16394008B7A43 /* ContentView.swift */ = {isa = PBXFileReference; lastKnownFileType = sourcecode.swift; path = ContentView.swift; sourceTree = "<group>"; };
		861BB45223D16398008B7A43 /* Assets.xcassets */ = {isa = PBXFileReference; lastKnownFileType = folder.assetcatalog; path = Assets.xcassets; sourceTree = "<group>"; };
		861BB45523D16398008B7A43 /* Preview Assets.xcassets */ = {isa = PBXFileReference; lastKnownFileType = folder.assetcatalog; path = "Preview Assets.xcassets"; sourceTree = "<group>"; };
		861BB45823D16398008B7A43 /* Base */ = {isa = PBXFileReference; lastKnownFileType = file.storyboard; name = Base; path = Base.lproj/LaunchScreen.storyboard; sourceTree = "<group>"; };
		861BB45A23D16398008B7A43 /* Info.plist */ = {isa = PBXFileReference; lastKnownFileType = text.plist.xml; path = Info.plist; sourceTree = "<group>"; };
		861BB46123D16515008B7A43 /* CoreDataManager.swift */ = {isa = PBXFileReference; lastKnownFileType = sourcecode.swift; path = CoreDataManager.swift; sourceTree = "<group>"; };
		861BB46423D16619008B7A43 /* NSManagedObjectContext+Extensions.swift */ = {isa = PBXFileReference; lastKnownFileType = sourcecode.swift; path = "NSManagedObjectContext+Extensions.swift"; sourceTree = "<group>"; };
		861BB46723D17C4A008B7A43 /* AddOrderViewModel.swift */ = {isa = PBXFileReference; lastKnownFileType = sourcecode.swift; path = AddOrderViewModel.swift; sourceTree = "<group>"; };
		861BB46A23D17CA8008B7A43 /* AddOrderView.swift */ = {isa = PBXFileReference; lastKnownFileType = sourcecode.swift; path = AddOrderView.swift; sourceTree = "<group>"; };
/* End PBXFileReference section */

/* Begin PBXFrameworksBuildPhase section */
		861BB44323D16394008B7A43 /* Frameworks */ = {
			isa = PBXFrameworksBuildPhase;
			buildActionMask = 2147483647;
			files = (
			);
			runOnlyForDeploymentPostprocessing = 0;
		};
/* End PBXFrameworksBuildPhase section */

/* Begin PBXGroup section */
		861BB43D23D16394008B7A43 = {
			isa = PBXGroup;
			children = (
				861BB44823D16394008B7A43 /* HotCoffeeApp */,
				861BB44723D16394008B7A43 /* Products */,
			);
			sourceTree = "<group>";
		};
		861BB44723D16394008B7A43 /* Products */ = {
			isa = PBXGroup;
			children = (
				861BB44623D16394008B7A43 /* HotCoffeeApp.app */,
			);
			name = Products;
			sourceTree = "<group>";
		};
		861BB44823D16394008B7A43 /* HotCoffeeApp */ = {
			isa = PBXGroup;
			children = (
				861BB46623D17C21008B7A43 /* View Models */,
				861BB46323D165D5008B7A43 /* Extensions */,
				861BB46023D164F2008B7A43 /* Managers */,
				861BB44923D16394008B7A43 /* AppDelegate.swift */,
				861BB44B23D16394008B7A43 /* SceneDelegate.swift */,
				861BB45023D16394008B7A43 /* ContentView.swift */,
				861BB46A23D17CA8008B7A43 /* AddOrderView.swift */,
				861BB45223D16398008B7A43 /* Assets.xcassets */,
				861BB45723D16398008B7A43 /* LaunchScreen.storyboard */,
				861BB45A23D16398008B7A43 /* Info.plist */,
				861BB44D23D16394008B7A43 /* HotCoffeeApp.xcdatamodeld */,
				861BB45423D16398008B7A43 /* Preview Content */,
			);
			path = HotCoffeeApp;
			sourceTree = "<group>";
		};
		861BB45423D16398008B7A43 /* Preview Content */ = {
			isa = PBXGroup;
			children = (
				861BB45523D16398008B7A43 /* Preview Assets.xcassets */,
			);
			path = "Preview Content";
			sourceTree = "<group>";
		};
		861BB46023D164F2008B7A43 /* Managers */ = {
			isa = PBXGroup;
			children = (
				861BB46123D16515008B7A43 /* CoreDataManager.swift */,
			);
			path = Managers;
			sourceTree = "<group>";
		};
		861BB46323D165D5008B7A43 /* Extensions */ = {
			isa = PBXGroup;
			children = (
				861BB46423D16619008B7A43 /* NSManagedObjectContext+Extensions.swift */,
			);
			path = Extensions;
			sourceTree = "<group>";
		};
		861BB46623D17C21008B7A43 /* View Models */ = {
			isa = PBXGroup;
			children = (
				861BB46723D17C4A008B7A43 /* AddOrderViewModel.swift */,
			);
			path = "View Models";
			sourceTree = "<group>";
		};
/* End PBXGroup section */

/* Begin PBXNativeTarget section */
		861BB44523D16394008B7A43 /* HotCoffeeApp */ = {
			isa = PBXNativeTarget;
			buildConfigurationList = 861BB45D23D16398008B7A43 /* Build configuration list for PBXNativeTarget "HotCoffeeApp" */;
			buildPhases = (
				861BB44223D16394008B7A43 /* Sources */,
				861BB44323D16394008B7A43 /* Frameworks */,
				861BB44423D16394008B7A43 /* Resources */,
			);
			buildRules = (
			);
			dependencies = (
			);
			name = HotCoffeeApp;
			productName = HotCoffeeApp;
			productReference = 861BB44623D16394008B7A43 /* HotCoffeeApp.app */;
			productType = "com.apple.product-type.application";
		};
/* End PBXNativeTarget section */

/* Begin PBXProject section */
		861BB43E23D16394008B7A43 /* Project object */ = {
			isa = PBXProject;
			attributes = {
				LastSwiftUpdateCheck = 1130;
				LastUpgradeCheck = 1130;
				ORGANIZATIONNAME = HM;
				TargetAttributes = {
					861BB44523D16394008B7A43 = {
						CreatedOnToolsVersion = 11.3.1;
					};
				};
			};
			buildConfigurationList = 861BB44123D16394008B7A43 /* Build configuration list for PBXProject "HotCoffeeApp" */;
			compatibilityVersion = "Xcode 9.3";
			developmentRegion = en;
			hasScannedForEncodings = 0;
			knownRegions = (
				en,
				Base,
			);
			mainGroup = 861BB43D23D16394008B7A43;
			productRefGroup = 861BB44723D16394008B7A43 /* Products */;
			projectDirPath = "";
			projectRoot = "";
			targets = (
				861BB44523D16394008B7A43 /* HotCoffeeApp */,
			);
		};
/* End PBXProject section */

/* Begin PBXResourcesBuildPhase section */
		861BB44423D16394008B7A43 /* Resources */ = {
			isa = PBXResourcesBuildPhase;
			buildActionMask = 2147483647;
			files = (
				861BB45923D16398008B7A43 /* LaunchScreen.storyboard in Resources */,
				861BB45623D16398008B7A43 /* Preview Assets.xcassets in Resources */,
				861BB45323D16398008B7A43 /* Assets.xcassets in Resources */,
			);
			runOnlyForDeploymentPostprocessing = 0;
		};
/* End PBXResourcesBuildPhase section */

/* Begin PBXSourcesBuildPhase section */
		861BB44223D16394008B7A43 /* Sources */ = {
			isa = PBXSourcesBuildPhase;
			buildActionMask = 2147483647;
			files = (
				861BB44A23D16394008B7A43 /* AppDelegate.swift in Sources */,
				861BB44F23D16394008B7A43 /* HotCoffeeApp.xcdatamodeld in Sources */,
				861BB45123D16394008B7A43 /* ContentView.swift in Sources */,
				861BB46223D16515008B7A43 /* CoreDataManager.swift in Sources */,
				861BB44C23D16394008B7A43 /* SceneDelegate.swift in Sources */,
				861BB46B23D17CA8008B7A43 /* AddOrderView.swift in Sources */,
				861BB46823D17C4A008B7A43 /* AddOrderViewModel.swift in Sources */,
				861BB46523D16619008B7A43 /* NSManagedObjectContext+Extensions.swift in Sources */,
			);
			runOnlyForDeploymentPostprocessing = 0;
		};
/* End PBXSourcesBuildPhase section */

/* Begin PBXVariantGroup section */
		861BB45723D16398008B7A43 /* LaunchScreen.storyboard */ = {
			isa = PBXVariantGroup;
			children = (
				861BB45823D16398008B7A43 /* Base */,
			);
			name = LaunchScreen.storyboard;
			sourceTree = "<group>";
		};
/* End PBXVariantGroup section */

/* Begin XCBuildConfiguration section */
		861BB45B23D16398008B7A43 /* Debug */ = {
			isa = XCBuildConfiguration;
			buildSettings = {
				ALWAYS_SEARCH_USER_PATHS = NO;
				CLANG_ANALYZER_NONNULL = YES;
				CLANG_ANALYZER_NUMBER_OBJECT_CONVERSION = YES_AGGRESSIVE;
				CLANG_CXX_LANGUAGE_STANDARD = "gnu++14";
				CLANG_CXX_LIBRARY = "libc++";
				CLANG_ENABLE_MODULES = YES;
				CLANG_ENABLE_OBJC_ARC = YES;
				CLANG_ENABLE_OBJC_WEAK = YES;
				CLANG_WARN_BLOCK_CAPTURE_AUTORELEASING = YES;
				CLANG_WARN_BOOL_CONVERSION = YES;
				CLANG_WARN_COMMA = YES;
				CLANG_WARN_CONSTANT_CONVERSION = YES;
				CLANG_WARN_DEPRECATED_OBJC_IMPLEMENTATIONS = YES;
				CLANG_WARN_DIRECT_OBJC_ISA_USAGE = YES_ERROR;
				CLANG_WARN_DOCUMENTATION_COMMENTS = YES;
				CLANG_WARN_EMPTY_BODY = YES;
				CLANG_WARN_ENUM_CONVERSION = YES;
				CLANG_WARN_INFINITE_RECURSION = YES;
				CLANG_WARN_INT_CONVERSION = YES;
				CLANG_WARN_NON_LITERAL_NULL_CONVERSION = YES;
				CLANG_WARN_OBJC_IMPLICIT_RETAIN_SELF = YES;
				CLANG_WARN_OBJC_LITERAL_CONVERSION = YES;
				CLANG_WARN_OBJC_ROOT_CLASS = YES_ERROR;
				CLANG_WARN_RANGE_LOOP_ANALYSIS = YES;
				CLANG_WARN_STRICT_PROTOTYPES = YES;
				CLANG_WARN_SUSPICIOUS_MOVE = YES;
				CLANG_WARN_UNGUARDED_AVAILABILITY = YES_AGGRESSIVE;
				CLANG_WARN_UNREACHABLE_CODE = YES;
				CLANG_WARN__DUPLICATE_METHOD_MATCH = YES;
				COPY_PHASE_STRIP = NO;
				DEBUG_INFORMATION_FORMAT = dwarf;
				ENABLE_STRICT_OBJC_MSGSEND = YES;
				ENABLE_TESTABILITY = YES;
				GCC_C_LANGUAGE_STANDARD = gnu11;
				GCC_DYNAMIC_NO_PIC = NO;
				GCC_NO_COMMON_BLOCKS = YES;
				GCC_OPTIMIZATION_LEVEL = 0;
				GCC_PREPROCESSOR_DEFINITIONS = (
					"DEBUG=1",
					"$(inherited)",
				);
				GCC_WARN_64_TO_32_BIT_CONVERSION = YES;
				GCC_WARN_ABOUT_RETURN_TYPE = YES_ERROR;
				GCC_WARN_UNDECLARED_SELECTOR = YES;
				GCC_WARN_UNINITIALIZED_AUTOS = YES_AGGRESSIVE;
				GCC_WARN_UNUSED_FUNCTION = YES;
				GCC_WARN_UNUSED_VARIABLE = YES;
				IPHONEOS_DEPLOYMENT_TARGET = 13.2;
				MTL_ENABLE_DEBUG_INFO = INCLUDE_SOURCE;
				MTL_FAST_MATH = YES;
				ONLY_ACTIVE_ARCH = YES;
				SDKROOT = iphoneos;
				SWIFT_ACTIVE_COMPILATION_CONDITIONS = DEBUG;
				SWIFT_OPTIMIZATION_LEVEL = "-Onone";
			};
			name = Debug;
		};
		861BB45C23D16398008B7A43 /* Release */ = {
			isa = XCBuildConfiguration;
			buildSettings = {
				ALWAYS_SEARCH_USER_PATHS = NO;
				CLANG_ANALYZER_NONNULL = YES;
				CLANG_ANALYZER_NUMBER_OBJECT_CONVERSION = YES_AGGRESSIVE;
				CLANG_CXX_LANGUAGE_STANDARD = "gnu++14";
				CLANG_CXX_LIBRARY = "libc++";
				CLANG_ENABLE_MODULES = YES;
				CLANG_ENABLE_OBJC_ARC = YES;
				CLANG_ENABLE_OBJC_WEAK = YES;
				CLANG_WARN_BLOCK_CAPTURE_AUTORELEASING = YES;
				CLANG_WARN_BOOL_CONVERSION = YES;
				CLANG_WARN_COMMA = YES;
				CLANG_WARN_CONSTANT_CONVERSION = YES;
				CLANG_WARN_DEPRECATED_OBJC_IMPLEMENTATIONS = YES;
				CLANG_WARN_DIRECT_OBJC_ISA_USAGE = YES_ERROR;
				CLANG_WARN_DOCUMENTATION_COMMENTS = YES;
				CLANG_WARN_EMPTY_BODY = YES;
				CLANG_WARN_ENUM_CONVERSION = YES;
				CLANG_WARN_INFINITE_RECURSION = YES;
				CLANG_WARN_INT_CONVERSION = YES;
				CLANG_WARN_NON_LITERAL_NULL_CONVERSION = YES;
				CLANG_WARN_OBJC_IMPLICIT_RETAIN_SELF = YES;
				CLANG_WARN_OBJC_LITERAL_CONVERSION = YES;
				CLANG_WARN_OBJC_ROOT_CLASS = YES_ERROR;
				CLANG_WARN_RANGE_LOOP_ANALYSIS = YES;
				CLANG_WARN_STRICT_PROTOTYPES = YES;
				CLANG_WARN_SUSPICIOUS_MOVE = YES;
				CLANG_WARN_UNGUARDED_AVAILABILITY = YES_AGGRESSIVE;
				CLANG_WARN_UNREACHABLE_CODE = YES;
				CLANG_WARN__DUPLICATE_METHOD_MATCH = YES;
				COPY_PHASE_STRIP = NO;
				DEBUG_INFORMATION_FORMAT = "dwarf-with-dsym";
				ENABLE_NS_ASSERTIONS = NO;
				ENABLE_STRICT_OBJC_MSGSEND = YES;
				GCC_C_LANGUAGE_STANDARD = gnu11;
				GCC_NO_COMMON_BLOCKS = YES;
				GCC_WARN_64_TO_32_BIT_CONVERSION = YES;
				GCC_WARN_ABOUT_RETURN_TYPE = YES_ERROR;
				GCC_WARN_UNDECLARED_SELECTOR = YES;
				GCC_WARN_UNINITIALIZED_AUTOS = YES_AGGRESSIVE;
				GCC_WARN_UNUSED_FUNCTION = YES;
				GCC_WARN_UNUSED_VARIABLE = YES;
				IPHONEOS_DEPLOYMENT_TARGET = 13.2;
				MTL_ENABLE_DEBUG_INFO = NO;
				MTL_FAST_MATH = YES;
				SDKROOT = iphoneos;
				SWIFT_COMPILATION_MODE = wholemodule;
				SWIFT_OPTIMIZATION_LEVEL = "-O";
				VALIDATE_PRODUCT = YES;
			};
			name = Release;
		};
		861BB45E23D16398008B7A43 /* Debug */ = {
			isa = XCBuildConfiguration;
			buildSettings = {
				ASSETCATALOG_COMPILER_APPICON_NAME = AppIcon;
				CODE_SIGN_STYLE = Automatic;
				DEVELOPMENT_ASSET_PATHS = "\"HotCoffeeApp/Preview Content\"";
				DEVELOPMENT_TEAM = 8WV5TPYB24;
				ENABLE_PREVIEWS = YES;
				INFOPLIST_FILE = HotCoffeeApp/Info.plist;
				LD_RUNPATH_SEARCH_PATHS = (
					"$(inherited)",
					"@executable_path/Frameworks",
				);
				PRODUCT_BUNDLE_IDENTIFIER = greengeckogames.HotCoffeeApp;
				PRODUCT_NAME = "$(TARGET_NAME)";
				SWIFT_VERSION = 5.0;
				TARGETED_DEVICE_FAMILY = "1,2";
			};
			name = Debug;
		};
		861BB45F23D16398008B7A43 /* Release */ = {
			isa = XCBuildConfiguration;
			buildSettings = {
				ASSETCATALOG_COMPILER_APPICON_NAME = AppIcon;
				CODE_SIGN_STYLE = Automatic;
				DEVELOPMENT_ASSET_PATHS = "\"HotCoffeeApp/Preview Content\"";
				DEVELOPMENT_TEAM = 8WV5TPYB24;
				ENABLE_PREVIEWS = YES;
				INFOPLIST_FILE = HotCoffeeApp/Info.plist;
				LD_RUNPATH_SEARCH_PATHS = (
					"$(inherited)",
					"@executable_path/Frameworks",
				);
				PRODUCT_BUNDLE_IDENTIFIER = greengeckogames.HotCoffeeApp;
				PRODUCT_NAME = "$(TARGET_NAME)";
				SWIFT_VERSION = 5.0;
				TARGETED_DEVICE_FAMILY = "1,2";
			};
			name = Release;
		};
/* End XCBuildConfiguration section */

/* Begin XCConfigurationList section */
		861BB44123D16394008B7A43 /* Build configuration list for PBXProject "HotCoffeeApp" */ = {
			isa = XCConfigurationList;
			buildConfigurations = (
				861BB45B23D16398008B7A43 /* Debug */,
				861BB45C23D16398008B7A43 /* Release */,
			);
			defaultConfigurationIsVisible = 0;
			defaultConfigurationName = Release;
		};
		861BB45D23D16398008B7A43 /* Build configuration list for PBXNativeTarget "HotCoffeeApp" */ = {
			isa = XCConfigurationList;
			buildConfigurations = (
				861BB45E23D16398008B7A43 /* Debug */,
				861BB45F23D16398008B7A43 /* Release */,
			);
			defaultConfigurationIsVisible = 0;
			defaultConfigurationName = Release;
		};
/* End XCConfigurationList section */

/* Begin XCVersionGroup section */
		861BB44D23D16394008B7A43 /* HotCoffeeApp.xcdatamodeld */ = {
			isa = XCVersionGroup;
			children = (
				861BB44E23D16394008B7A43 /* HotCoffeeApp.xcdatamodel */,
			);
			currentVersion = 861BB44E23D16394008B7A43 /* HotCoffeeApp.xcdatamodel */;
			path = HotCoffeeApp.xcdatamodeld;
			sourceTree = "<group>";
			versionGroupType = wrapper.xcdatamodel;
		};
/* End XCVersionGroup section */
	};
	rootObject = 861BB43E23D16394008B7A43 /* Project object */;
}
