// !$*UTF8*$!
{
	archiveVersion = 1;
	classes = {
	};
	objectVersion = 46;
	objects = {

/* Begin PBXBuildFile section */
		861951851F1E04A800E87A58 /* HelpViewController.swift in Sources */ = {isa = PBXBuildFile; fileRef = 861951841F1E04A800E87A58 /* HelpViewController.swift */; };
		863D75D91EF80065007FBB95 /* CheckReportViewController.swift in Sources */ = {isa = PBXBuildFile; fileRef = 863D75D81EF80065007FBB95 /* CheckReportViewController.swift */; };
		868BCF461F3400130011BC20 /* CL.png in Resources */ = {isa = PBXBuildFile; fileRef = 868BCF441F3400130011BC20 /* CL.png */; };
		868BCF471F3400130011BC20 /* CLing.png in Resources */ = {isa = PBXBuildFile; fileRef = 868BCF451F3400130011BC20 /* CLing.png */; };
		86A9F2CC1F3013EF007FC590 /* devURL.png in Resources */ = {isa = PBXBuildFile; fileRef = 86A9F2CB1F3013EF007FC590 /* devURL.png */; };
		86C1E9BC1EF3E7C3006AC740 /* AppDelegate.swift in Sources */ = {isa = PBXBuildFile; fileRef = 86C1E9BB1EF3E7C3006AC740 /* AppDelegate.swift */; };
		86C1E9BE1EF3E7C3006AC740 /* ViewController.swift in Sources */ = {isa = PBXBuildFile; fileRef = 86C1E9BD1EF3E7C3006AC740 /* ViewController.swift */; };
		86C1E9C01EF3E7C3006AC740 /* Assets.xcassets in Resources */ = {isa = PBXBuildFile; fileRef = 86C1E9BF1EF3E7C3006AC740 /* Assets.xcassets */; };
		86C1E9C31EF3E7C3006AC740 /* Main.storyboard in Resources */ = {isa = PBXBuildFile; fileRef = 86C1E9C11EF3E7C3006AC740 /* Main.storyboard */; };
		86C1EA4A1EF50D36006AC740 /* AboutViewController.swift in Sources */ = {isa = PBXBuildFile; fileRef = 86C1EA491EF50D36006AC740 /* AboutViewController.swift */; };
		86C1EA4C1EF518A7006AC740 /* ReportViewController.swift in Sources */ = {isa = PBXBuildFile; fileRef = 86C1EA4B1EF518A7006AC740 /* ReportViewController.swift */; };
		86C1EA4E1EF51931006AC740 /* SettingViewController.swift in Sources */ = {isa = PBXBuildFile; fileRef = 86C1EA4D1EF51931006AC740 /* SettingViewController.swift */; };
		86C1EA521EF543AC006AC740 /* RestApiManager.swift in Sources */ = {isa = PBXBuildFile; fileRef = 86C1EA511EF543AC006AC740 /* RestApiManager.swift */; };
		86C4E2061FC05E17000E200E /* CLLocationApiManager.swift in Sources */ = {isa = PBXBuildFile; fileRef = 86C4E2051FC05E17000E200E /* CLLocationApiManager.swift */; };
		86CB2C051F179EC0004FD267 /* UpgradeViewController.swift in Sources */ = {isa = PBXBuildFile; fileRef = 86CB2C041F179EC0004FD267 /* UpgradeViewController.swift */; };
		86CB2C091F1B78D3004FD267 /* Info.swift in Sources */ = {isa = PBXBuildFile; fileRef = 86CB2C081F1B78D3004FD267 /* Info.swift */; };
/* End PBXBuildFile section */

/* Begin PBXFileReference section */
		861951841F1E04A800E87A58 /* HelpViewController.swift */ = {isa = PBXFileReference; fileEncoding = 4; lastKnownFileType = sourcecode.swift; path = HelpViewController.swift; sourceTree = "<group>"; };
		863D75D81EF80065007FBB95 /* CheckReportViewController.swift */ = {isa = PBXFileReference; fileEncoding = 4; lastKnownFileType = sourcecode.swift; path = CheckReportViewController.swift; sourceTree = "<group>"; };
		866B28B520876975002D0F34 /* ko */ = {isa = PBXFileReference; lastKnownFileType = file.storyboard; name = ko; path = ko.lproj/Main.storyboard; sourceTree = "<group>"; };
		868BCF441F3400130011BC20 /* CL.png */ = {isa = PBXFileReference; lastKnownFileType = image.png; path = CL.png; sourceTree = "<group>"; };
		868BCF451F3400130011BC20 /* CLing.png */ = {isa = PBXFileReference; lastKnownFileType = image.png; path = CLing.png; sourceTree = "<group>"; };
		86A9F2CB1F3013EF007FC590 /* devURL.png */ = {isa = PBXFileReference; lastKnownFileType = image.png; path = devURL.png; sourceTree = "<group>"; };
		86C1E9B81EF3E7C3006AC740 /* 대기오염정보.app */ = {isa = PBXFileReference; explicitFileType = wrapper.application; includeInIndex = 0; path = "대기오염정보.app"; sourceTree = BUILT_PRODUCTS_DIR; };
		86C1E9BB1EF3E7C3006AC740 /* AppDelegate.swift */ = {isa = PBXFileReference; lastKnownFileType = sourcecode.swift; path = AppDelegate.swift; sourceTree = "<group>"; };
		86C1E9BD1EF3E7C3006AC740 /* ViewController.swift */ = {isa = PBXFileReference; lastKnownFileType = sourcecode.swift; path = ViewController.swift; sourceTree = "<group>"; };
		86C1E9BF1EF3E7C3006AC740 /* Assets.xcassets */ = {isa = PBXFileReference; lastKnownFileType = folder.assetcatalog; path = Assets.xcassets; sourceTree = "<group>"; };
		86C1E9C41EF3E7C3006AC740 /* Info.plist */ = {isa = PBXFileReference; lastKnownFileType = text.plist.xml; path = Info.plist; sourceTree = "<group>"; };
		86C1EA491EF50D36006AC740 /* AboutViewController.swift */ = {isa = PBXFileReference; fileEncoding = 4; lastKnownFileType = sourcecode.swift; path = AboutViewController.swift; sourceTree = "<group>"; };
		86C1EA4B1EF518A7006AC740 /* ReportViewController.swift */ = {isa = PBXFileReference; fileEncoding = 4; lastKnownFileType = sourcecode.swift; path = ReportViewController.swift; sourceTree = "<group>"; };
		86C1EA4D1EF51931006AC740 /* SettingViewController.swift */ = {isa = PBXFileReference; fileEncoding = 4; lastKnownFileType = sourcecode.swift; path = SettingViewController.swift; sourceTree = "<group>"; };
		86C1EA511EF543AC006AC740 /* RestApiManager.swift */ = {isa = PBXFileReference; fileEncoding = 4; lastKnownFileType = sourcecode.swift; path = RestApiManager.swift; sourceTree = "<group>"; };
		86C4E2051FC05E17000E200E /* CLLocationApiManager.swift */ = {isa = PBXFileReference; lastKnownFileType = sourcecode.swift; path = CLLocationApiManager.swift; sourceTree = "<group>"; };
		86CB2C041F179EC0004FD267 /* UpgradeViewController.swift */ = {isa = PBXFileReference; fileEncoding = 4; lastKnownFileType = sourcecode.swift; path = UpgradeViewController.swift; sourceTree = "<group>"; };
		86CB2C081F1B78D3004FD267 /* Info.swift */ = {isa = PBXFileReference; fileEncoding = 4; lastKnownFileType = sourcecode.swift; path = Info.swift; sourceTree = "<group>"; };
		86ED9E961FC16C1300C4268D /* 대기오염정보.entitlements */ = {isa = PBXFileReference; lastKnownFileType = text.plist.entitlements; path = "대기오염정보.entitlements"; sourceTree = "<group>"; };
		86ED9E981FC16CF700C4268D /* CoreLocation.framework */ = {isa = PBXFileReference; lastKnownFileType = wrapper.framework; name = CoreLocation.framework; path = System/Library/Frameworks/CoreLocation.framework; sourceTree = SDKROOT; };
/* End PBXFileReference section */

/* Begin PBXFrameworksBuildPhase section */
		86C1E9B51EF3E7C3006AC740 /* Frameworks */ = {
			isa = PBXFrameworksBuildPhase;
			buildActionMask = 2147483647;
			files = (
			);
			runOnlyForDeploymentPostprocessing = 0;
		};
/* End PBXFrameworksBuildPhase section */

/* Begin PBXGroup section */
		868ACFF42078D89800BB3675 /* Source Code */ = {
			isa = PBXGroup;
			children = (
				86C1EA491EF50D36006AC740 /* AboutViewController.swift */,
				86C1E9BB1EF3E7C3006AC740 /* AppDelegate.swift */,
				863D75D81EF80065007FBB95 /* CheckReportViewController.swift */,
				86C4E2051FC05E17000E200E /* CLLocationApiManager.swift */,
				861951841F1E04A800E87A58 /* HelpViewController.swift */,
				86CB2C081F1B78D3004FD267 /* Info.swift */,
				86C1EA4B1EF518A7006AC740 /* ReportViewController.swift */,
				86C1EA511EF543AC006AC740 /* RestApiManager.swift */,
				86C1EA4D1EF51931006AC740 /* SettingViewController.swift */,
				86CB2C041F179EC0004FD267 /* UpgradeViewController.swift */,
				86C1E9BD1EF3E7C3006AC740 /* ViewController.swift */,
			);
			path = "Source Code";
			sourceTree = "<group>";
		};
		86C1E9AF1EF3E7C2006AC740 = {
			isa = PBXGroup;
			children = (
				86C1E9BA1EF3E7C3006AC740 /* 대기오염정보 */,
				86C1E9B91EF3E7C3006AC740 /* Products */,
				86ED9E971FC16CF700C4268D /* Frameworks */,
			);
			sourceTree = "<group>";
		};
		86C1E9B91EF3E7C3006AC740 /* Products */ = {
			isa = PBXGroup;
			children = (
				86C1E9B81EF3E7C3006AC740 /* 대기오염정보.app */,
			);
			name = Products;
			sourceTree = "<group>";
		};
		86C1E9BA1EF3E7C3006AC740 /* 대기오염정보 */ = {
			isa = PBXGroup;
			children = (
				86ED9E961FC16C1300C4268D /* 대기오염정보.entitlements */,
				86C1E9C41EF3E7C3006AC740 /* Info.plist */,
				86A9F2CB1F3013EF007FC590 /* devURL.png */,
				86C1E9BF1EF3E7C3006AC740 /* Assets.xcassets */,
				86C2A6442099C38700E3BE7D /* Location Img */,
				86C1E9C11EF3E7C3006AC740 /* Main.storyboard */,
				868ACFF42078D89800BB3675 /* Source Code */,
			);
			path = "대기오염정보";
			sourceTree = "<group>";
		};
		86C2A6442099C38700E3BE7D /* Location Img */ = {
			isa = PBXGroup;
			children = (
				868BCF441F3400130011BC20 /* CL.png */,
				868BCF451F3400130011BC20 /* CLing.png */,
			);
			path = "Location Img";
			sourceTree = "<group>";
		};
		86ED9E971FC16CF700C4268D /* Frameworks */ = {
			isa = PBXGroup;
			children = (
				86ED9E981FC16CF700C4268D /* CoreLocation.framework */,
			);
			name = Frameworks;
			sourceTree = "<group>";
		};
/* End PBXGroup section */

/* Begin PBXNativeTarget section */
		86C1E9B71EF3E7C3006AC740 /* 대기오염정보 */ = {
			isa = PBXNativeTarget;
			buildConfigurationList = 86C1E9DD1EF3E7C3006AC740 /* Build configuration list for PBXNativeTarget "대기오염정보" */;
			buildPhases = (
				86C1E9B41EF3E7C3006AC740 /* Sources */,
				86C1E9B51EF3E7C3006AC740 /* Frameworks */,
				86C1E9B61EF3E7C3006AC740 /* Resources */,
			);
			buildRules = (
			);
			dependencies = (
			);
			name = "대기오염정보";
			productName = "대기오염정보";
			productReference = 86C1E9B81EF3E7C3006AC740 /* 대기오염정보.app */;
			productType = "com.apple.product-type.application";
		};
/* End PBXNativeTarget section */

/* Begin PBXProject section */
		86C1E9B01EF3E7C2006AC740 /* Project object */ = {
			isa = PBXProject;
			attributes = {
				LastSwiftUpdateCheck = 0830;
				LastUpgradeCheck = 0940;
				ORGANIZATIONNAME = HM;
				TargetAttributes = {
					86C1E9B71EF3E7C3006AC740 = {
						CreatedOnToolsVersion = 8.3.3;
						DevelopmentTeam = 8WV5TPYB24;
						LastSwiftMigration = 0940;
						ProvisioningStyle = Automatic;
						SystemCapabilities = {
							com.apple.Sandbox = {
								enabled = 1;
							};
						};
					};
				};
			};
			buildConfigurationList = 86C1E9B31EF3E7C2006AC740 /* Build configuration list for PBXProject "대기오염정보" */;
			compatibilityVersion = "Xcode 3.2";
			developmentRegion = English;
			hasScannedForEncodings = 0;
			knownRegions = (
				ko,
			);
			mainGroup = 86C1E9AF1EF3E7C2006AC740;
			productRefGroup = 86C1E9B91EF3E7C3006AC740 /* Products */;
			projectDirPath = "";
			projectRoot = "";
			targets = (
				86C1E9B71EF3E7C3006AC740 /* 대기오염정보 */,
			);
		};
/* End PBXProject section */

/* Begin PBXResourcesBuildPhase section */
		86C1E9B61EF3E7C3006AC740 /* Resources */ = {
			isa = PBXResourcesBuildPhase;
			buildActionMask = 2147483647;
			files = (
				868BCF461F3400130011BC20 /* CL.png in Resources */,
				86C1E9C01EF3E7C3006AC740 /* Assets.xcassets in Resources */,
				868BCF471F3400130011BC20 /* CLing.png in Resources */,
				86C1E9C31EF3E7C3006AC740 /* Main.storyboard in Resources */,
				86A9F2CC1F3013EF007FC590 /* devURL.png in Resources */,
			);
			runOnlyForDeploymentPostprocessing = 0;
		};
/* End PBXResourcesBuildPhase section */

/* Begin PBXSourcesBuildPhase section */
		86C1E9B41EF3E7C3006AC740 /* Sources */ = {
			isa = PBXSourcesBuildPhase;
			buildActionMask = 2147483647;
			files = (
				861951851F1E04A800E87A58 /* HelpViewController.swift in Sources */,
				86C1EA4E1EF51931006AC740 /* SettingViewController.swift in Sources */,
				863D75D91EF80065007FBB95 /* CheckReportViewController.swift in Sources */,
				86C1EA4C1EF518A7006AC740 /* ReportViewController.swift in Sources */,
				86C1E9BE1EF3E7C3006AC740 /* ViewController.swift in Sources */,
				86C1EA4A1EF50D36006AC740 /* AboutViewController.swift in Sources */,
				86CB2C051F179EC0004FD267 /* UpgradeViewController.swift in Sources */,
				86C4E2061FC05E17000E200E /* CLLocationApiManager.swift in Sources */,
				86C1E9BC1EF3E7C3006AC740 /* AppDelegate.swift in Sources */,
				86C1EA521EF543AC006AC740 /* RestApiManager.swift in Sources */,
				86CB2C091F1B78D3004FD267 /* Info.swift in Sources */,
			);
			runOnlyForDeploymentPostprocessing = 0;
		};
/* End PBXSourcesBuildPhase section */

/* Begin PBXVariantGroup section */
		86C1E9C11EF3E7C3006AC740 /* Main.storyboard */ = {
			isa = PBXVariantGroup;
			children = (
				866B28B520876975002D0F34 /* ko */,
			);
			name = Main.storyboard;
			sourceTree = "<group>";
		};
/* End PBXVariantGroup section */

/* Begin XCBuildConfiguration section */
		86C1E9DB1EF3E7C3006AC740 /* Debug */ = {
			isa = XCBuildConfiguration;
			buildSettings = {
				ALWAYS_SEARCH_USER_PATHS = NO;
				CLANG_ANALYZER_LOCALIZABILITY_NONLOCALIZED = YES;
				CLANG_ANALYZER_NONNULL = YES;
				CLANG_ANALYZER_NUMBER_OBJECT_CONVERSION = YES_AGGRESSIVE;
				CLANG_CXX_LANGUAGE_STANDARD = "gnu++0x";
				CLANG_CXX_LIBRARY = "libc++";
				CLANG_ENABLE_MODULES = YES;
				CLANG_ENABLE_OBJC_ARC = YES;
				CLANG_WARN_BLOCK_CAPTURE_AUTORELEASING = YES;
				CLANG_WARN_BOOL_CONVERSION = YES;
				CLANG_WARN_COMMA = YES;
				CLANG_WARN_CONSTANT_CONVERSION = YES;
				CLANG_WARN_DEPRECATED_OBJC_IMPLEMENTATIONS = YES;
				CLANG_WARN_DIRECT_OBJC_ISA_USAGE = YES_ERROR;
				CLANG_WARN_DOCUMENTATION_COMMENTS = YES;
				CLANG_WARN_EMPTY_BODY = YES;
				CLANG_WARN_ENUM_CONVERSION = YES;
				CLANG_WARN_INFINITE_RECURSION = YES;
				CLANG_WARN_INT_CONVERSION = YES;
				CLANG_WARN_NON_LITERAL_NULL_CONVERSION = YES;
				CLANG_WARN_OBJC_IMPLICIT_RETAIN_SELF = YES;
				CLANG_WARN_OBJC_LITERAL_CONVERSION = YES;
				CLANG_WARN_OBJC_ROOT_CLASS = YES_ERROR;
				CLANG_WARN_RANGE_LOOP_ANALYSIS = YES;
				CLANG_WARN_STRICT_PROTOTYPES = YES;
				CLANG_WARN_SUSPICIOUS_MOVE = YES;
				CLANG_WARN_UNREACHABLE_CODE = YES;
				CLANG_WARN__DUPLICATE_METHOD_MATCH = YES;
				CODE_SIGN_IDENTITY = "-";
				COPY_PHASE_STRIP = NO;
				DEBUG_INFORMATION_FORMAT = dwarf;
				ENABLE_STRICT_OBJC_MSGSEND = YES;
				ENABLE_TESTABILITY = YES;
				GCC_C_LANGUAGE_STANDARD = gnu99;
				GCC_DYNAMIC_NO_PIC = NO;
				GCC_NO_COMMON_BLOCKS = YES;
				GCC_OPTIMIZATION_LEVEL = 0;
				GCC_PREPROCESSOR_DEFINITIONS = (
					"DEBUG=1",
					"$(inherited)",
				);
				GCC_WARN_64_TO_32_BIT_CONVERSION = YES;
				GCC_WARN_ABOUT_RETURN_TYPE = YES_ERROR;
				GCC_WARN_UNDECLARED_SELECTOR = YES;
				GCC_WARN_UNINITIALIZED_AUTOS = YES_AGGRESSIVE;
				GCC_WARN_UNUSED_FUNCTION = YES;
				GCC_WARN_UNUSED_VARIABLE = YES;
				MACOSX_DEPLOYMENT_TARGET = 10.12;
				MTL_ENABLE_DEBUG_INFO = YES;
				ONLY_ACTIVE_ARCH = YES;
				SDKROOT = macosx;
				SWIFT_ACTIVE_COMPILATION_CONDITIONS = DEBUG;
				SWIFT_OPTIMIZATION_LEVEL = "-Onone";
			};
			name = Debug;
		};
		86C1E9DC1EF3E7C3006AC740 /* Release */ = {
			isa = XCBuildConfiguration;
			buildSettings = {
				ALWAYS_SEARCH_USER_PATHS = NO;
				CLANG_ANALYZER_LOCALIZABILITY_NONLOCALIZED = YES;
				CLANG_ANALYZER_NONNULL = YES;
				CLANG_ANALYZER_NUMBER_OBJECT_CONVERSION = YES_AGGRESSIVE;
				CLANG_CXX_LANGUAGE_STANDARD = "gnu++0x";
				CLANG_CXX_LIBRARY = "libc++";
				CLANG_ENABLE_MODULES = YES;
				CLANG_ENABLE_OBJC_ARC = YES;
				CLANG_WARN_BLOCK_CAPTURE_AUTORELEASING = YES;
				CLANG_WARN_BOOL_CONVERSION = YES;
				CLANG_WARN_COMMA = YES;
				CLANG_WARN_CONSTANT_CONVERSION = YES;
				CLANG_WARN_DEPRECATED_OBJC_IMPLEMENTATIONS = YES;
				CLANG_WARN_DIRECT_OBJC_ISA_USAGE = YES_ERROR;
				CLANG_WARN_DOCUMENTATION_COMMENTS = YES;
				CLANG_WARN_EMPTY_BODY = YES;
				CLANG_WARN_ENUM_CONVERSION = YES;
				CLANG_WARN_INFINITE_RECURSION = YES;
				CLANG_WARN_INT_CONVERSION = YES;
				CLANG_WARN_NON_LITERAL_NULL_CONVERSION = YES;
				CLANG_WARN_OBJC_IMPLICIT_RETAIN_SELF = YES;
				CLANG_WARN_OBJC_LITERAL_CONVERSION = YES;
				CLANG_WARN_OBJC_ROOT_CLASS = YES_ERROR;
				CLANG_WARN_RANGE_LOOP_ANALYSIS = YES;
				CLANG_WARN_STRICT_PROTOTYPES = YES;
				CLANG_WARN_SUSPICIOUS_MOVE = YES;
				CLANG_WARN_UNREACHABLE_CODE = YES;
				CLANG_WARN__DUPLICATE_METHOD_MATCH = YES;
				CODE_SIGN_IDENTITY = "-";
				COPY_PHASE_STRIP = NO;
				DEBUG_INFORMATION_FORMAT = "dwarf-with-dsym";
				ENABLE_NS_ASSERTIONS = NO;
				ENABLE_STRICT_OBJC_MSGSEND = YES;
				GCC_C_LANGUAGE_STANDARD = gnu99;
				GCC_NO_COMMON_BLOCKS = YES;
				GCC_WARN_64_TO_32_BIT_CONVERSION = YES;
				GCC_WARN_ABOUT_RETURN_TYPE = YES_ERROR;
				GCC_WARN_UNDECLARED_SELECTOR = YES;
				GCC_WARN_UNINITIALIZED_AUTOS = YES_AGGRESSIVE;
				GCC_WARN_UNUSED_FUNCTION = YES;
				GCC_WARN_UNUSED_VARIABLE = YES;
				MACOSX_DEPLOYMENT_TARGET = 10.12;
				MTL_ENABLE_DEBUG_INFO = NO;
				SDKROOT = macosx;
				SWIFT_OPTIMIZATION_LEVEL = "-Owholemodule";
			};
			name = Release;
		};
		86C1E9DE1EF3E7C3006AC740 /* Debug */ = {
			isa = XCBuildConfiguration;
			buildSettings = {
				ASSETCATALOG_COMPILER_APPICON_NAME = AppIcon;
				CODE_SIGN_ENTITLEMENTS = "대기오염정보/대기오염정보.entitlements";
				CODE_SIGN_IDENTITY = "Mac Developer";
				CODE_SIGN_STYLE = Automatic;
				COMBINE_HIDPI_IMAGES = YES;
				DEVELOPMENT_TEAM = "";
				INFOPLIST_FILE = "대기오염정보/Info.plist";
				LD_RUNPATH_SEARCH_PATHS = "$(inherited) @executable_path/../Frameworks";
				MACOSX_DEPLOYMENT_TARGET = 10.11;
				PRODUCT_BUNDLE_IDENTIFIER = "greengeckogames.--------------";
				PRODUCT_NAME = "$(TARGET_NAME)";
				PROVISIONING_PROFILE_SPECIFIER = "";
				SWIFT_SWIFT3_OBJC_INFERENCE = On;
				SWIFT_VERSION = 4.0;
			};
			name = Debug;
		};
		86C1E9DF1EF3E7C3006AC740 /* Release */ = {
			isa = XCBuildConfiguration;
			buildSettings = {
				ASSETCATALOG_COMPILER_APPICON_NAME = AppIcon;
				CODE_SIGN_ENTITLEMENTS = "대기오염정보/대기오염정보.entitlements";
				CODE_SIGN_IDENTITY = "Mac Developer";
				CODE_SIGN_STYLE = Automatic;
				COMBINE_HIDPI_IMAGES = YES;
				DEVELOPMENT_TEAM = "";
				INFOPLIST_FILE = "대기오염정보/Info.plist";
				LD_RUNPATH_SEARCH_PATHS = "$(inherited) @executable_path/../Frameworks";
				MACOSX_DEPLOYMENT_TARGET = 10.11;
				PRODUCT_BUNDLE_IDENTIFIER = "greengeckogames.--------------";
				PRODUCT_NAME = "$(TARGET_NAME)";
				PROVISIONING_PROFILE_SPECIFIER = "";
				SWIFT_SWIFT3_OBJC_INFERENCE = On;
				SWIFT_VERSION = 4.0;
			};
			name = Release;
		};
/* End XCBuildConfiguration section */

/* Begin XCConfigurationList section */
		86C1E9B31EF3E7C2006AC740 /* Build configuration list for PBXProject "대기오염정보" */ = {
			isa = XCConfigurationList;
			buildConfigurations = (
				86C1E9DB1EF3E7C3006AC740 /* Debug */,
				86C1E9DC1EF3E7C3006AC740 /* Release */,
			);
			defaultConfigurationIsVisible = 0;
			defaultConfigurationName = Release;
		};
		86C1E9DD1EF3E7C3006AC740 /* Build configuration list for PBXNativeTarget "대기오염정보" */ = {
			isa = XCConfigurationList;
			buildConfigurations = (
				86C1E9DE1EF3E7C3006AC740 /* Debug */,
				86C1E9DF1EF3E7C3006AC740 /* Release */,
			);
			defaultConfigurationIsVisible = 0;
			defaultConfigurationName = Release;
		};
/* End XCConfigurationList section */
	};
	rootObject = 86C1E9B01EF3E7C2006AC740 /* Project object */;
}
