// !$*UTF8*$!
{
	archiveVersion = 1;
	classes = {
	};
	objectVersion = 50;
	objects = {

/* Begin PBXBuildFile section */
		8633C03423D6E41B002E939D /* AppDelegate.swift in Sources */ = {isa = PBXBuildFile; fileRef = 8633C03323D6E41B002E939D /* AppDelegate.swift */; };
		8633C03623D6E41B002E939D /* SceneDelegate.swift in Sources */ = {isa = PBXBuildFile; fileRef = 8633C03523D6E41B002E939D /* SceneDelegate.swift */; };
		8633C03823D6E41B002E939D /* ContentView.swift in Sources */ = {isa = PBXBuildFile; fileRef = 8633C03723D6E41B002E939D /* ContentView.swift */; };
		8633C03A23D6E41E002E939D /* Assets.xcassets in Resources */ = {isa = PBXBuildFile; fileRef = 8633C03923D6E41E002E939D /* Assets.xcassets */; };
		8633C03D23D6E41E002E939D /* Preview Assets.xcassets in Resources */ = {isa = PBXBuildFile; fileRef = 8633C03C23D6E41E002E939D /* Preview Assets.xcassets */; };
		8633C04023D6E41E002E939D /* LaunchScreen.storyboard in Resources */ = {isa = PBXBuildFile; fileRef = 8633C03E23D6E41E002E939D /* LaunchScreen.storyboard */; };
		8633C04823D6E47A002E939D /* URLImage.swift in Sources */ = {isa = PBXBuildFile; fileRef = 8633C04723D6E47A002E939D /* URLImage.swift */; };
		8633C04A23D6E4B5002E939D /* ImageDownloader.swift in Sources */ = {isa = PBXBuildFile; fileRef = 8633C04923D6E4B5002E939D /* ImageDownloader.swift */; };
		8633C04C23D6E5E3002E939D /* Constants.swift in Sources */ = {isa = PBXBuildFile; fileRef = 8633C04B23D6E5E3002E939D /* Constants.swift */; };
/* End PBXBuildFile section */

/* Begin PBXFileReference section */
		8633C03023D6E41B002E939D /* DownloadImageSwiftUI.app */ = {isa = PBXFileReference; explicitFileType = wrapper.application; includeInIndex = 0; path = DownloadImageSwiftUI.app; sourceTree = BUILT_PRODUCTS_DIR; };
		8633C03323D6E41B002E939D /* AppDelegate.swift */ = {isa = PBXFileReference; lastKnownFileType = sourcecode.swift; path = AppDelegate.swift; sourceTree = "<group>"; };
		8633C03523D6E41B002E939D /* SceneDelegate.swift */ = {isa = PBXFileReference; lastKnownFileType = sourcecode.swift; path = SceneDelegate.swift; sourceTree = "<group>"; };
		8633C03723D6E41B002E939D /* ContentView.swift */ = {isa = PBXFileReference; lastKnownFileType = sourcecode.swift; path = ContentView.swift; sourceTree = "<group>"; };
		8633C03923D6E41E002E939D /* Assets.xcassets */ = {isa = PBXFileReference; lastKnownFileType = folder.assetcatalog; path = Assets.xcassets; sourceTree = "<group>"; };
		8633C03C23D6E41E002E939D /* Preview Assets.xcassets */ = {isa = PBXFileReference; lastKnownFileType = folder.assetcatalog; path = "Preview Assets.xcassets"; sourceTree = "<group>"; };
		8633C03F23D6E41E002E939D /* Base */ = {isa = PBXFileReference; lastKnownFileType = file.storyboard; name = Base; path = Base.lproj/LaunchScreen.storyboard; sourceTree = "<group>"; };
		8633C04123D6E41E002E939D /* Info.plist */ = {isa = PBXFileReference; lastKnownFileType = text.plist.xml; path = Info.plist; sourceTree = "<group>"; };
		8633C04723D6E47A002E939D /* URLImage.swift */ = {isa = PBXFileReference; lastKnownFileType = sourcecode.swift; path = URLImage.swift; sourceTree = "<group>"; };
		8633C04923D6E4B5002E939D /* ImageDownloader.swift */ = {isa = PBXFileReference; lastKnownFileType = sourcecode.swift; path = ImageDownloader.swift; sourceTree = "<group>"; };
		8633C04B23D6E5E3002E939D /* Constants.swift */ = {isa = PBXFileReference; lastKnownFileType = sourcecode.swift; path = Constants.swift; sourceTree = "<group>"; };
/* End PBXFileReference section */

/* Begin PBXFrameworksBuildPhase section */
		8633C02D23D6E41B002E939D /* Frameworks */ = {
			isa = PBXFrameworksBuildPhase;
			buildActionMask = 2147483647;
			files = (
			);
			runOnlyForDeploymentPostprocessing = 0;
		};
/* End PBXFrameworksBuildPhase section */

/* Begin PBXGroup section */
		8633C02723D6E41B002E939D = {
			isa = PBXGroup;
			children = (
				8633C03223D6E41B002E939D /* DownloadImageSwiftUI */,
				8633C03123D6E41B002E939D /* Products */,
			);
			sourceTree = "<group>";
		};
		8633C03123D6E41B002E939D /* Products */ = {
			isa = PBXGroup;
			children = (
				8633C03023D6E41B002E939D /* DownloadImageSwiftUI.app */,
			);
			name = Products;
			sourceTree = "<group>";
		};
		8633C03223D6E41B002E939D /* DownloadImageSwiftUI */ = {
			isa = PBXGroup;
			children = (
				8633C03323D6E41B002E939D /* AppDelegate.swift */,
				8633C03523D6E41B002E939D /* SceneDelegate.swift */,
				8633C03723D6E41B002E939D /* ContentView.swift */,
				8633C03923D6E41E002E939D /* Assets.xcassets */,
				8633C03E23D6E41E002E939D /* LaunchScreen.storyboard */,
				8633C04123D6E41E002E939D /* Info.plist */,
				8633C03B23D6E41E002E939D /* Preview Content */,
				8633C04723D6E47A002E939D /* URLImage.swift */,
				8633C04923D6E4B5002E939D /* ImageDownloader.swift */,
				8633C04B23D6E5E3002E939D /* Constants.swift */,
			);
			path = DownloadImageSwiftUI;
			sourceTree = "<group>";
		};
		8633C03B23D6E41E002E939D /* Preview Content */ = {
			isa = PBXGroup;
			children = (
				8633C03C23D6E41E002E939D /* Preview Assets.xcassets */,
			);
			path = "Preview Content";
			sourceTree = "<group>";
		};
/* End PBXGroup section */

/* Begin PBXNativeTarget section */
		8633C02F23D6E41B002E939D /* DownloadImageSwiftUI */ = {
			isa = PBXNativeTarget;
			buildConfigurationList = 8633C04423D6E41E002E939D /* Build configuration list for PBXNativeTarget "DownloadImageSwiftUI" */;
			buildPhases = (
				8633C02C23D6E41B002E939D /* Sources */,
				8633C02D23D6E41B002E939D /* Frameworks */,
				8633C02E23D6E41B002E939D /* Resources */,
			);
			buildRules = (
			);
			dependencies = (
			);
			name = DownloadImageSwiftUI;
			productName = DownloadImageSwiftUI;
			productReference = 8633C03023D6E41B002E939D /* DownloadImageSwiftUI.app */;
			productType = "com.apple.product-type.application";
		};
/* End PBXNativeTarget section */

/* Begin PBXProject section */
		8633C02823D6E41B002E939D /* Project object */ = {
			isa = PBXProject;
			attributes = {
				LastSwiftUpdateCheck = 1130;
				LastUpgradeCheck = 1130;
				ORGANIZATIONNAME = HM;
				TargetAttributes = {
					8633C02F23D6E41B002E939D = {
						CreatedOnToolsVersion = 11.3.1;
					};
				};
			};
			buildConfigurationList = 8633C02B23D6E41B002E939D /* Build configuration list for PBXProject "DownloadImageSwiftUI" */;
			compatibilityVersion = "Xcode 9.3";
			developmentRegion = en;
			hasScannedForEncodings = 0;
			knownRegions = (
				en,
				Base,
			);
			mainGroup = 8633C02723D6E41B002E939D;
			productRefGroup = 8633C03123D6E41B002E939D /* Products */;
			projectDirPath = "";
			projectRoot = "";
			targets = (
				8633C02F23D6E41B002E939D /* DownloadImageSwiftUI */,
			);
		};
/* End PBXProject section */

/* Begin PBXResourcesBuildPhase section */
		8633C02E23D6E41B002E939D /* Resources */ = {
			isa = PBXResourcesBuildPhase;
			buildActionMask = 2147483647;
			files = (
				8633C04023D6E41E002E939D /* LaunchScreen.storyboard in Resources */,
				8633C03D23D6E41E002E939D /* Preview Assets.xcassets in Resources */,
				8633C03A23D6E41E002E939D /* Assets.xcassets in Resources */,
			);
			runOnlyForDeploymentPostprocessing = 0;
		};
/* End PBXResourcesBuildPhase section */

/* Begin PBXSourcesBuildPhase section */
		8633C02C23D6E41B002E939D /* Sources */ = {
			isa = PBXSourcesBuildPhase;
			buildActionMask = 2147483647;
			files = (
				8633C03423D6E41B002E939D /* AppDelegate.swift in Sources */,
				8633C04A23D6E4B5002E939D /* ImageDownloader.swift in Sources */,
				8633C03623D6E41B002E939D /* SceneDelegate.swift in Sources */,
				8633C03823D6E41B002E939D /* ContentView.swift in Sources */,
				8633C04823D6E47A002E939D /* URLImage.swift in Sources */,
				8633C04C23D6E5E3002E939D /* Constants.swift in Sources */,
			);
			runOnlyForDeploymentPostprocessing = 0;
		};
/* End PBXSourcesBuildPhase section */

/* Begin PBXVariantGroup section */
		8633C03E23D6E41E002E939D /* LaunchScreen.storyboard */ = {
			isa = PBXVariantGroup;
			children = (
				8633C03F23D6E41E002E939D /* Base */,
			);
			name = LaunchScreen.storyboard;
			sourceTree = "<group>";
		};
/* End PBXVariantGroup section */

/* Begin XCBuildConfiguration section */
		8633C04223D6E41E002E939D /* Debug */ = {
			isa = XCBuildConfiguration;
			buildSettings = {
				ALWAYS_SEARCH_USER_PATHS = NO;
				CLANG_ANALYZER_NONNULL = YES;
				CLANG_ANALYZER_NUMBER_OBJECT_CONVERSION = YES_AGGRESSIVE;
				CLANG_CXX_LANGUAGE_STANDARD = "gnu++14";
				CLANG_CXX_LIBRARY = "libc++";
				CLANG_ENABLE_MODULES = YES;
				CLANG_ENABLE_OBJC_ARC = YES;
				CLANG_ENABLE_OBJC_WEAK = YES;
				CLANG_WARN_BLOCK_CAPTURE_AUTORELEASING = YES;
				CLANG_WARN_BOOL_CONVERSION = YES;
				CLANG_WARN_COMMA = YES;
				CLANG_WARN_CONSTANT_CONVERSION = YES;
				CLANG_WARN_DEPRECATED_OBJC_IMPLEMENTATIONS = YES;
				CLANG_WARN_DIRECT_OBJC_ISA_USAGE = YES_ERROR;
				CLANG_WARN_DOCUMENTATION_COMMENTS = YES;
				CLANG_WARN_EMPTY_BODY = YES;
				CLANG_WARN_ENUM_CONVERSION = YES;
				CLANG_WARN_INFINITE_RECURSION = YES;
				CLANG_WARN_INT_CONVERSION = YES;
				CLANG_WARN_NON_LITERAL_NULL_CONVERSION = YES;
				CLANG_WARN_OBJC_IMPLICIT_RETAIN_SELF = YES;
				CLANG_WARN_OBJC_LITERAL_CONVERSION = YES;
				CLANG_WARN_OBJC_ROOT_CLASS = YES_ERROR;
				CLANG_WARN_RANGE_LOOP_ANALYSIS = YES;
				CLANG_WARN_STRICT_PROTOTYPES = YES;
				CLANG_WARN_SUSPICIOUS_MOVE = YES;
				CLANG_WARN_UNGUARDED_AVAILABILITY = YES_AGGRESSIVE;
				CLANG_WARN_UNREACHABLE_CODE = YES;
				CLANG_WARN__DUPLICATE_METHOD_MATCH = YES;
				COPY_PHASE_STRIP = NO;
				DEBUG_INFORMATION_FORMAT = dwarf;
				ENABLE_STRICT_OBJC_MSGSEND = YES;
				ENABLE_TESTABILITY = YES;
				GCC_C_LANGUAGE_STANDARD = gnu11;
				GCC_DYNAMIC_NO_PIC = NO;
				GCC_NO_COMMON_BLOCKS = YES;
				GCC_OPTIMIZATION_LEVEL = 0;
				GCC_PREPROCESSOR_DEFINITIONS = (
					"DEBUG=1",
					"$(inherited)",
				);
				GCC_WARN_64_TO_32_BIT_CONVERSION = YES;
				GCC_WARN_ABOUT_RETURN_TYPE = YES_ERROR;
				GCC_WARN_UNDECLARED_SELECTOR = YES;
				GCC_WARN_UNINITIALIZED_AUTOS = YES_AGGRESSIVE;
				GCC_WARN_UNUSED_FUNCTION = YES;
				GCC_WARN_UNUSED_VARIABLE = YES;
				IPHONEOS_DEPLOYMENT_TARGET = 13.2;
				MTL_ENABLE_DEBUG_INFO = INCLUDE_SOURCE;
				MTL_FAST_MATH = YES;
				ONLY_ACTIVE_ARCH = YES;
				SDKROOT = iphoneos;
				SWIFT_ACTIVE_COMPILATION_CONDITIONS = DEBUG;
				SWIFT_OPTIMIZATION_LEVEL = "-Onone";
			};
			name = Debug;
		};
		8633C04323D6E41E002E939D /* Release */ = {
			isa = XCBuildConfiguration;
			buildSettings = {
				ALWAYS_SEARCH_USER_PATHS = NO;
				CLANG_ANALYZER_NONNULL = YES;
				CLANG_ANALYZER_NUMBER_OBJECT_CONVERSION = YES_AGGRESSIVE;
				CLANG_CXX_LANGUAGE_STANDARD = "gnu++14";
				CLANG_CXX_LIBRARY = "libc++";
				CLANG_ENABLE_MODULES = YES;
				CLANG_ENABLE_OBJC_ARC = YES;
				CLANG_ENABLE_OBJC_WEAK = YES;
				CLANG_WARN_BLOCK_CAPTURE_AUTORELEASING = YES;
				CLANG_WARN_BOOL_CONVERSION = YES;
				CLANG_WARN_COMMA = YES;
				CLANG_WARN_CONSTANT_CONVERSION = YES;
				CLANG_WARN_DEPRECATED_OBJC_IMPLEMENTATIONS = YES;
				CLANG_WARN_DIRECT_OBJC_ISA_USAGE = YES_ERROR;
				CLANG_WARN_DOCUMENTATION_COMMENTS = YES;
				CLANG_WARN_EMPTY_BODY = YES;
				CLANG_WARN_ENUM_CONVERSION = YES;
				CLANG_WARN_INFINITE_RECURSION = YES;
				CLANG_WARN_INT_CONVERSION = YES;
				CLANG_WARN_NON_LITERAL_NULL_CONVERSION = YES;
				CLANG_WARN_OBJC_IMPLICIT_RETAIN_SELF = YES;
				CLANG_WARN_OBJC_LITERAL_CONVERSION = YES;
				CLANG_WARN_OBJC_ROOT_CLASS = YES_ERROR;
				CLANG_WARN_RANGE_LOOP_ANALYSIS = YES;
				CLANG_WARN_STRICT_PROTOTYPES = YES;
				CLANG_WARN_SUSPICIOUS_MOVE = YES;
				CLANG_WARN_UNGUARDED_AVAILABILITY = YES_AGGRESSIVE;
				CLANG_WARN_UNREACHABLE_CODE = YES;
				CLANG_WARN__DUPLICATE_METHOD_MATCH = YES;
				COPY_PHASE_STRIP = NO;
				DEBUG_INFORMATION_FORMAT = "dwarf-with-dsym";
				ENABLE_NS_ASSERTIONS = NO;
				ENABLE_STRICT_OBJC_MSGSEND = YES;
				GCC_C_LANGUAGE_STANDARD = gnu11;
				GCC_NO_COMMON_BLOCKS = YES;
				GCC_WARN_64_TO_32_BIT_CONVERSION = YES;
				GCC_WARN_ABOUT_RETURN_TYPE = YES_ERROR;
				GCC_WARN_UNDECLARED_SELECTOR = YES;
				GCC_WARN_UNINITIALIZED_AUTOS = YES_AGGRESSIVE;
				GCC_WARN_UNUSED_FUNCTION = YES;
				GCC_WARN_UNUSED_VARIABLE = YES;
				IPHONEOS_DEPLOYMENT_TARGET = 13.2;
				MTL_ENABLE_DEBUG_INFO = NO;
				MTL_FAST_MATH = YES;
				SDKROOT = iphoneos;
				SWIFT_COMPILATION_MODE = wholemodule;
				SWIFT_OPTIMIZATION_LEVEL = "-O";
				VALIDATE_PRODUCT = YES;
			};
			name = Release;
		};
		8633C04523D6E41E002E939D /* Debug */ = {
			isa = XCBuildConfiguration;
			buildSettings = {
				ASSETCATALOG_COMPILER_APPICON_NAME = AppIcon;
				CODE_SIGN_STYLE = Automatic;
				DEVELOPMENT_ASSET_PATHS = "\"DownloadImageSwiftUI/Preview Content\"";
				DEVELOPMENT_TEAM = 8WV5TPYB24;
				ENABLE_PREVIEWS = YES;
				INFOPLIST_FILE = DownloadImageSwiftUI/Info.plist;
				LD_RUNPATH_SEARCH_PATHS = (
					"$(inherited)",
					"@executable_path/Frameworks",
				);
				PRODUCT_BUNDLE_IDENTIFIER = greengeckogames.DownloadImageSwiftUI;
				PRODUCT_NAME = "$(TARGET_NAME)";
				SWIFT_VERSION = 5.0;
				TARGETED_DEVICE_FAMILY = "1,2";
			};
			name = Debug;
		};
		8633C04623D6E41E002E939D /* Release */ = {
			isa = XCBuildConfiguration;
			buildSettings = {
				ASSETCATALOG_COMPILER_APPICON_NAME = AppIcon;
				CODE_SIGN_STYLE = Automatic;
				DEVELOPMENT_ASSET_PATHS = "\"DownloadImageSwiftUI/Preview Content\"";
				DEVELOPMENT_TEAM = 8WV5TPYB24;
				ENABLE_PREVIEWS = YES;
				INFOPLIST_FILE = DownloadImageSwiftUI/Info.plist;
				LD_RUNPATH_SEARCH_PATHS = (
					"$(inherited)",
					"@executable_path/Frameworks",
				);
				PRODUCT_BUNDLE_IDENTIFIER = greengeckogames.DownloadImageSwiftUI;
				PRODUCT_NAME = "$(TARGET_NAME)";
				SWIFT_VERSION = 5.0;
				TARGETED_DEVICE_FAMILY = "1,2";
			};
			name = Release;
		};
/* End XCBuildConfiguration section */

/* Begin XCConfigurationList section */
		8633C02B23D6E41B002E939D /* Build configuration list for PBXProject "DownloadImageSwiftUI" */ = {
			isa = XCConfigurationList;
			buildConfigurations = (
				8633C04223D6E41E002E939D /* Debug */,
				8633C04323D6E41E002E939D /* Release */,
			);
			defaultConfigurationIsVisible = 0;
			defaultConfigurationName = Release;
		};
		8633C04423D6E41E002E939D /* Build configuration list for PBXNativeTarget "DownloadImageSwiftUI" */ = {
			isa = XCConfigurationList;
			buildConfigurations = (
				8633C04523D6E41E002E939D /* Debug */,
				8633C04623D6E41E002E939D /* Release */,
			);
			defaultConfigurationIsVisible = 0;
			defaultConfigurationName = Release;
		};
/* End XCConfigurationList section */
	};
	rootObject = 8633C02823D6E41B002E939D /* Project object */;
}
