// !$*UTF8*$!
{
	archiveVersion = 1;
	classes = {
	};
	objectVersion = 46;
	objects = {

/* Begin PBXBuildFile section */
		FB184590193ADA66005FF61E /* Foundation.framework in Frameworks */ = {isa = PBXBuildFile; fileRef = FB18458F193ADA66005FF61E /* Foundation.framework */; };
		FB184592193ADA66005FF61E /* CoreGraphics.framework in Frameworks */ = {isa = PBXBuildFile; fileRef = FB184591193ADA66005FF61E /* CoreGraphics.framework */; };
		FB184594193ADA66005FF61E /* UIKit.framework in Frameworks */ = {isa = PBXBuildFile; fileRef = FB184593193ADA66005FF61E /* UIKit.framework */; };
		FB18459A193ADA66005FF61E /* InfoPlist.strings in Resources */ = {isa = PBXBuildFile; fileRef = FB184598193ADA66005FF61E /* InfoPlist.strings */; };
		FB18459C193ADA66005FF61E /* main.m in Sources */ = {isa = PBXBuildFile; fileRef = FB18459B193ADA66005FF61E /* main.m */; };
		FB1845A0193ADA66005FF61E /* AppDelegate.m in Sources */ = {isa = PBXBuildFile; fileRef = FB18459F193ADA66005FF61E /* AppDelegate.m */; };
		FB1845A3193ADA66005FF61E /* Main.storyboard in Resources */ = {isa = PBXBuildFile; fileRef = FB1845A1193ADA66005FF61E /* Main.storyboard */; };
		FB1845A6193ADA66005FF61E /* ViewController.m in Sources */ = {isa = PBXBuildFile; fileRef = FB1845A5193ADA66005FF61E /* ViewController.m */; };
		FB1845A8193ADA66005FF61E /* Images.xcassets in Resources */ = {isa = PBXBuildFile; fileRef = FB1845A7193ADA66005FF61E /* Images.xcassets */; };
		FB1845AF193ADA66005FF61E /* XCTest.framework in Frameworks */ = {isa = PBXBuildFile; fileRef = FB1845AE193ADA66005FF61E /* XCTest.framework */; };
		FB1845B0193ADA66005FF61E /* Foundation.framework in Frameworks */ = {isa = PBXBuildFile; fileRef = FB18458F193ADA66005FF61E /* Foundation.framework */; };
		FB1845B1193ADA66005FF61E /* UIKit.framework in Frameworks */ = {isa = PBXBuildFile; fileRef = FB184593193ADA66005FF61E /* UIKit.framework */; };
		FB1845B9193ADA66005FF61E /* InfoPlist.strings in Resources */ = {isa = PBXBuildFile; fileRef = FB1845B7193ADA66005FF61E /* InfoPlist.strings */; };
		FB1845BB193ADA66005FF61E /* HowtouseTests.m in Sources */ = {isa = PBXBuildFile; fileRef = FB1845BA193ADA66005FF61E /* HowtouseTests.m */; };
		FB1845C5193AE063005FF61E /* Call.png in Resources */ = {isa = PBXBuildFile; fileRef = FB1845C4193AE063005FF61E /* Call.png */; };
		FB1845C7193AE561005FF61E /* Slidetopoweroff.png in Resources */ = {isa = PBXBuildFile; fileRef = FB1845C6193AE561005FF61E /* Slidetopoweroff.png */; };
		FB1845C9193AE64E005FF61E /* Boot.png in Resources */ = {isa = PBXBuildFile; fileRef = FB1845C8193AE64E005FF61E /* Boot.png */; };
		FB1845CC193AEB78005FF61E /* iMessage.png in Resources */ = {isa = PBXBuildFile; fileRef = FB1845CA193AEB78005FF61E /* iMessage.png */; };
		FB1845CD193AEB78005FF61E /* SMSmessage.png in Resources */ = {isa = PBXBuildFile; fileRef = FB1845CB193AEB78005FF61E /* SMSmessage.png */; };
		FB1845D0193AEFAE005FF61E /* VoiceApp.png in Resources */ = {isa = PBXBuildFile; fileRef = FB1845CE193AEFAE005FF61E /* VoiceApp.png */; };
		FB1845D1193AEFAE005FF61E /* VoiceAppicns.png in Resources */ = {isa = PBXBuildFile; fileRef = FB1845CF193AEFAE005FF61E /* VoiceAppicns.png */; };
		FB1845D4193AF22F005FF61E /* SafariApp.png in Resources */ = {isa = PBXBuildFile; fileRef = FB1845D2193AF22F005FF61E /* SafariApp.png */; };
		FB1845D5193AF22F005FF61E /* SafariAppicns.png in Resources */ = {isa = PBXBuildFile; fileRef = FB1845D3193AF22F005FF61E /* SafariAppicns.png */; };
		FB1845D8193B1A08005FF61E /* MusicApp.png in Resources */ = {isa = PBXBuildFile; fileRef = FB1845D6193B1A08005FF61E /* MusicApp.png */; };
		FB1845D9193B1A08005FF61E /* MusicAppicns.png in Resources */ = {isa = PBXBuildFile; fileRef = FB1845D7193B1A08005FF61E /* MusicAppicns.png */; };
/* End PBXBuildFile section */

/* Begin PBXContainerItemProxy section */
		FB1845B2193ADA66005FF61E /* PBXContainerItemProxy */ = {
			isa = PBXContainerItemProxy;
			containerPortal = FB184584193ADA66005FF61E /* Project object */;
			proxyType = 1;
			remoteGlobalIDString = FB18458B193ADA66005FF61E;
			remoteInfo = Howtouse;
		};
/* End PBXContainerItemProxy section */

/* Begin PBXFileReference section */
		FB18458C193ADA66005FF61E /* Howtouse.app */ = {isa = PBXFileReference; explicitFileType = wrapper.application; includeInIndex = 0; path = Howtouse.app; sourceTree = BUILT_PRODUCTS_DIR; };
		FB18458F193ADA66005FF61E /* Foundation.framework */ = {isa = PBXFileReference; lastKnownFileType = wrapper.framework; name = Foundation.framework; path = System/Library/Frameworks/Foundation.framework; sourceTree = SDKROOT; };
		FB184591193ADA66005FF61E /* CoreGraphics.framework */ = {isa = PBXFileReference; lastKnownFileType = wrapper.framework; name = CoreGraphics.framework; path = System/Library/Frameworks/CoreGraphics.framework; sourceTree = SDKROOT; };
		FB184593193ADA66005FF61E /* UIKit.framework */ = {isa = PBXFileReference; lastKnownFileType = wrapper.framework; name = UIKit.framework; path = System/Library/Frameworks/UIKit.framework; sourceTree = SDKROOT; };
		FB184597193ADA66005FF61E /* Howtouse-Info.plist */ = {isa = PBXFileReference; lastKnownFileType = text.plist.xml; path = "Howtouse-Info.plist"; sourceTree = "<group>"; };
		FB184599193ADA66005FF61E /* en */ = {isa = PBXFileReference; lastKnownFileType = text.plist.strings; name = en; path = en.lproj/InfoPlist.strings; sourceTree = "<group>"; };
		FB18459B193ADA66005FF61E /* main.m */ = {isa = PBXFileReference; lastKnownFileType = sourcecode.c.objc; path = main.m; sourceTree = "<group>"; };
		FB18459D193ADA66005FF61E /* Howtouse-Prefix.pch */ = {isa = PBXFileReference; lastKnownFileType = sourcecode.c.h; path = "Howtouse-Prefix.pch"; sourceTree = "<group>"; };
		FB18459E193ADA66005FF61E /* AppDelegate.h */ = {isa = PBXFileReference; lastKnownFileType = sourcecode.c.h; path = AppDelegate.h; sourceTree = "<group>"; };
		FB18459F193ADA66005FF61E /* AppDelegate.m */ = {isa = PBXFileReference; lastKnownFileType = sourcecode.c.objc; path = AppDelegate.m; sourceTree = "<group>"; };
		FB1845A2193ADA66005FF61E /* Base */ = {isa = PBXFileReference; lastKnownFileType = file.storyboard; name = Base; path = Base.lproj/Main.storyboard; sourceTree = "<group>"; };
		FB1845A4193ADA66005FF61E /* ViewController.h */ = {isa = PBXFileReference; lastKnownFileType = sourcecode.c.h; path = ViewController.h; sourceTree = "<group>"; };
		FB1845A5193ADA66005FF61E /* ViewController.m */ = {isa = PBXFileReference; lastKnownFileType = sourcecode.c.objc; path = ViewController.m; sourceTree = "<group>"; };
		FB1845A7193ADA66005FF61E /* Images.xcassets */ = {isa = PBXFileReference; lastKnownFileType = folder.assetcatalog; path = Images.xcassets; sourceTree = "<group>"; };
		FB1845AD193ADA66005FF61E /* HowtouseTests.xctest */ = {isa = PBXFileReference; explicitFileType = wrapper.cfbundle; includeInIndex = 0; path = HowtouseTests.xctest; sourceTree = BUILT_PRODUCTS_DIR; };
		FB1845AE193ADA66005FF61E /* XCTest.framework */ = {isa = PBXFileReference; lastKnownFileType = wrapper.framework; name = XCTest.framework; path = Library/Frameworks/XCTest.framework; sourceTree = DEVELOPER_DIR; };
		FB1845B6193ADA66005FF61E /* HowtouseTests-Info.plist */ = {isa = PBXFileReference; lastKnownFileType = text.plist.xml; path = "HowtouseTests-Info.plist"; sourceTree = "<group>"; };
		FB1845B8193ADA66005FF61E /* en */ = {isa = PBXFileReference; lastKnownFileType = text.plist.strings; name = en; path = en.lproj/InfoPlist.strings; sourceTree = "<group>"; };
		FB1845BA193ADA66005FF61E /* HowtouseTests.m */ = {isa = PBXFileReference; lastKnownFileType = sourcecode.c.objc; path = HowtouseTests.m; sourceTree = "<group>"; };
		FB1845C4193AE063005FF61E /* Call.png */ = {isa = PBXFileReference; lastKnownFileType = image.png; path = Call.png; sourceTree = "<group>"; };
		FB1845C6193AE561005FF61E /* Slidetopoweroff.png */ = {isa = PBXFileReference; lastKnownFileType = image.png; path = Slidetopoweroff.png; sourceTree = "<group>"; };
		FB1845C8193AE64E005FF61E /* Boot.png */ = {isa = PBXFileReference; lastKnownFileType = image.png; path = Boot.png; sourceTree = "<group>"; };
		FB1845CA193AEB78005FF61E /* iMessage.png */ = {isa = PBXFileReference; lastKnownFileType = image.png; path = iMessage.png; sourceTree = "<group>"; };
		FB1845CB193AEB78005FF61E /* SMSmessage.png */ = {isa = PBXFileReference; lastKnownFileType = image.png; path = SMSmessage.png; sourceTree = "<group>"; };
		FB1845CE193AEFAE005FF61E /* VoiceApp.png */ = {isa = PBXFileReference; lastKnownFileType = image.png; path = VoiceApp.png; sourceTree = "<group>"; };
		FB1845CF193AEFAE005FF61E /* VoiceAppicns.png */ = {isa = PBXFileReference; lastKnownFileType = image.png; path = VoiceAppicns.png; sourceTree = "<group>"; };
		FB1845D2193AF22F005FF61E /* SafariApp.png */ = {isa = PBXFileReference; lastKnownFileType = image.png; path = SafariApp.png; sourceTree = "<group>"; };
		FB1845D3193AF22F005FF61E /* SafariAppicns.png */ = {isa = PBXFileReference; lastKnownFileType = image.png; path = SafariAppicns.png; sourceTree = "<group>"; };
		FB1845D6193B1A08005FF61E /* MusicApp.png */ = {isa = PBXFileReference; lastKnownFileType = image.png; path = MusicApp.png; sourceTree = "<group>"; };
		FB1845D7193B1A08005FF61E /* MusicAppicns.png */ = {isa = PBXFileReference; lastKnownFileType = image.png; path = MusicAppicns.png; sourceTree = "<group>"; };
/* End PBXFileReference section */

/* Begin PBXFrameworksBuildPhase section */
		FB184589193ADA66005FF61E /* Frameworks */ = {
			isa = PBXFrameworksBuildPhase;
			buildActionMask = 2147483647;
			files = (
				FB184592193ADA66005FF61E /* CoreGraphics.framework in Frameworks */,
				FB184594193ADA66005FF61E /* UIKit.framework in Frameworks */,
				FB184590193ADA66005FF61E /* Foundation.framework in Frameworks */,
			);
			runOnlyForDeploymentPostprocessing = 0;
		};
		FB1845AA193ADA66005FF61E /* Frameworks */ = {
			isa = PBXFrameworksBuildPhase;
			buildActionMask = 2147483647;
			files = (
				FB1845AF193ADA66005FF61E /* XCTest.framework in Frameworks */,
				FB1845B1193ADA66005FF61E /* UIKit.framework in Frameworks */,
				FB1845B0193ADA66005FF61E /* Foundation.framework in Frameworks */,
			);
			runOnlyForDeploymentPostprocessing = 0;
		};
/* End PBXFrameworksBuildPhase section */

/* Begin PBXGroup section */
		FB184583193ADA66005FF61E = {
			isa = PBXGroup;
			children = (
				FB184595193ADA66005FF61E /* Howtouse */,
				FB1845B4193ADA66005FF61E /* HowtouseTests */,
				FB18458E193ADA66005FF61E /* Frameworks */,
				FB18458D193ADA66005FF61E /* Products */,
			);
			sourceTree = "<group>";
		};
		FB18458D193ADA66005FF61E /* Products */ = {
			isa = PBXGroup;
			children = (
				FB18458C193ADA66005FF61E /* Howtouse.app */,
				FB1845AD193ADA66005FF61E /* HowtouseTests.xctest */,
			);
			name = Products;
			sourceTree = "<group>";
		};
		FB18458E193ADA66005FF61E /* Frameworks */ = {
			isa = PBXGroup;
			children = (
				FB18458F193ADA66005FF61E /* Foundation.framework */,
				FB184591193ADA66005FF61E /* CoreGraphics.framework */,
				FB184593193ADA66005FF61E /* UIKit.framework */,
				FB1845AE193ADA66005FF61E /* XCTest.framework */,
			);
			name = Frameworks;
			sourceTree = "<group>";
		};
		FB184595193ADA66005FF61E /* Howtouse */ = {
			isa = PBXGroup;
			children = (
				FB18459E193ADA66005FF61E /* AppDelegate.h */,
				FB18459F193ADA66005FF61E /* AppDelegate.m */,
				FB1845A1193ADA66005FF61E /* Main.storyboard */,
				FB1845A4193ADA66005FF61E /* ViewController.h */,
				FB1845A5193ADA66005FF61E /* ViewController.m */,
				FB1845A7193ADA66005FF61E /* Images.xcassets */,
				FB1845C4193AE063005FF61E /* Call.png */,
				FB1845C6193AE561005FF61E /* Slidetopoweroff.png */,
				FB1845C8193AE64E005FF61E /* Boot.png */,
				FB1845CA193AEB78005FF61E /* iMessage.png */,
				FB1845CB193AEB78005FF61E /* SMSmessage.png */,
				FB1845CE193AEFAE005FF61E /* VoiceApp.png */,
				FB1845CF193AEFAE005FF61E /* VoiceAppicns.png */,
				FB1845D2193AF22F005FF61E /* SafariApp.png */,
				FB1845D3193AF22F005FF61E /* SafariAppicns.png */,
				FB1845D6193B1A08005FF61E /* MusicApp.png */,
				FB1845D7193B1A08005FF61E /* MusicAppicns.png */,
				FB184596193ADA66005FF61E /* Supporting Files */,
			);
			path = Howtouse;
			sourceTree = "<group>";
		};
		FB184596193ADA66005FF61E /* Supporting Files */ = {
			isa = PBXGroup;
			children = (
				FB184597193ADA66005FF61E /* Howtouse-Info.plist */,
				FB184598193ADA66005FF61E /* InfoPlist.strings */,
				FB18459B193ADA66005FF61E /* main.m */,
				FB18459D193ADA66005FF61E /* Howtouse-Prefix.pch */,
			);
			name = "Supporting Files";
			sourceTree = "<group>";
		};
		FB1845B4193ADA66005FF61E /* HowtouseTests */ = {
			isa = PBXGroup;
			children = (
				FB1845BA193ADA66005FF61E /* HowtouseTests.m */,
				FB1845B5193ADA66005FF61E /* Supporting Files */,
			);
			path = HowtouseTests;
			sourceTree = "<group>";
		};
		FB1845B5193ADA66005FF61E /* Supporting Files */ = {
			isa = PBXGroup;
			children = (
				FB1845B6193ADA66005FF61E /* HowtouseTests-Info.plist */,
				FB1845B7193ADA66005FF61E /* InfoPlist.strings */,
			);
			name = "Supporting Files";
			sourceTree = "<group>";
		};
/* End PBXGroup section */

/* Begin PBXNativeTarget section */
		FB18458B193ADA66005FF61E /* Howtouse */ = {
			isa = PBXNativeTarget;
			buildConfigurationList = FB1845BE193ADA66005FF61E /* Build configuration list for PBXNativeTarget "Howtouse" */;
			buildPhases = (
				FB184588193ADA66005FF61E /* Sources */,
				FB184589193ADA66005FF61E /* Frameworks */,
				FB18458A193ADA66005FF61E /* Resources */,
			);
			buildRules = (
			);
			dependencies = (
			);
			name = Howtouse;
			productName = Howtouse;
			productReference = FB18458C193ADA66005FF61E /* Howtouse.app */;
			productType = "com.apple.product-type.application";
		};
		FB1845AC193ADA66005FF61E /* HowtouseTests */ = {
			isa = PBXNativeTarget;
			buildConfigurationList = FB1845C1193ADA66005FF61E /* Build configuration list for PBXNativeTarget "HowtouseTests" */;
			buildPhases = (
				FB1845A9193ADA66005FF61E /* Sources */,
				FB1845AA193ADA66005FF61E /* Frameworks */,
				FB1845AB193ADA66005FF61E /* Resources */,
			);
			buildRules = (
			);
			dependencies = (
				FB1845B3193ADA66005FF61E /* PBXTargetDependency */,
			);
			name = HowtouseTests;
			productName = HowtouseTests;
			productReference = FB1845AD193ADA66005FF61E /* HowtouseTests.xctest */;
			productType = "com.apple.product-type.bundle.unit-test";
		};
/* End PBXNativeTarget section */

/* Begin PBXProject section */
		FB184584193ADA66005FF61E /* Project object */ = {
			isa = PBXProject;
			attributes = {
				LastUpgradeCheck = 0510;
				ORGANIZATIONNAME = KimHyeongmin;
				TargetAttributes = {
					FB1845AC193ADA66005FF61E = {
						TestTargetID = FB18458B193ADA66005FF61E;
					};
				};
			};
			buildConfigurationList = FB184587193ADA66005FF61E /* Build configuration list for PBXProject "Howtouse" */;
			compatibilityVersion = "Xcode 3.2";
			developmentRegion = English;
			hasScannedForEncodings = 0;
			knownRegions = (
				en,
				Base,
			);
			mainGroup = FB184583193ADA66005FF61E;
			productRefGroup = FB18458D193ADA66005FF61E /* Products */;
			projectDirPath = "";
			projectRoot = "";
			targets = (
				FB18458B193ADA66005FF61E /* Howtouse */,
				FB1845AC193ADA66005FF61E /* HowtouseTests */,
			);
		};
/* End PBXProject section */

/* Begin PBXResourcesBuildPhase section */
		FB18458A193ADA66005FF61E /* Resources */ = {
			isa = PBXResourcesBuildPhase;
			buildActionMask = 2147483647;
			files = (
				FB1845C7193AE561005FF61E /* Slidetopoweroff.png in Resources */,
				FB1845CD193AEB78005FF61E /* SMSmessage.png in Resources */,
				FB1845A8193ADA66005FF61E /* Images.xcassets in Resources */,
				FB1845D1193AEFAE005FF61E /* VoiceAppicns.png in Resources */,
				FB1845D5193AF22F005FF61E /* SafariAppicns.png in Resources */,
				FB1845CC193AEB78005FF61E /* iMessage.png in Resources */,
				FB1845D8193B1A08005FF61E /* MusicApp.png in Resources */,
				FB18459A193ADA66005FF61E /* InfoPlist.strings in Resources */,
				FB1845D9193B1A08005FF61E /* MusicAppicns.png in Resources */,
				FB1845C9193AE64E005FF61E /* Boot.png in Resources */,
				FB1845D0193AEFAE005FF61E /* VoiceApp.png in Resources */,
				FB1845A3193ADA66005FF61E /* Main.storyboard in Resources */,
				FB1845D4193AF22F005FF61E /* SafariApp.png in Resources */,
				FB1845C5193AE063005FF61E /* Call.png in Resources */,
			);
			runOnlyForDeploymentPostprocessing = 0;
		};
		FB1845AB193ADA66005FF61E /* Resources */ = {
			isa = PBXResourcesBuildPhase;
			buildActionMask = 2147483647;
			files = (
				FB1845B9193ADA66005FF61E /* InfoPlist.strings in Resources */,
			);
			runOnlyForDeploymentPostprocessing = 0;
		};
/* End PBXResourcesBuildPhase section */

/* Begin PBXSourcesBuildPhase section */
		FB184588193ADA66005FF61E /* Sources */ = {
			isa = PBXSourcesBuildPhase;
			buildActionMask = 2147483647;
			files = (
				FB1845A6193ADA66005FF61E /* ViewController.m in Sources */,
				FB1845A0193ADA66005FF61E /* AppDelegate.m in Sources */,
				FB18459C193ADA66005FF61E /* main.m in Sources */,
			);
			runOnlyForDeploymentPostprocessing = 0;
		};
		FB1845A9193ADA66005FF61E /* Sources */ = {
			isa = PBXSourcesBuildPhase;
			buildActionMask = 2147483647;
			files = (
				FB1845BB193ADA66005FF61E /* HowtouseTests.m in Sources */,
			);
			runOnlyForDeploymentPostprocessing = 0;
		};
/* End PBXSourcesBuildPhase section */

/* Begin PBXTargetDependency section */
		FB1845B3193ADA66005FF61E /* PBXTargetDependency */ = {
			isa = PBXTargetDependency;
			target = FB18458B193ADA66005FF61E /* Howtouse */;
			targetProxy = FB1845B2193ADA66005FF61E /* PBXContainerItemProxy */;
		};
/* End PBXTargetDependency section */

/* Begin PBXVariantGroup section */
		FB184598193ADA66005FF61E /* InfoPlist.strings */ = {
			isa = PBXVariantGroup;
			children = (
				FB184599193ADA66005FF61E /* en */,
			);
			name = InfoPlist.strings;
			sourceTree = "<group>";
		};
		FB1845A1193ADA66005FF61E /* Main.storyboard */ = {
			isa = PBXVariantGroup;
			children = (
				FB1845A2193ADA66005FF61E /* Base */,
			);
			name = Main.storyboard;
			sourceTree = "<group>";
		};
		FB1845B7193ADA66005FF61E /* InfoPlist.strings */ = {
			isa = PBXVariantGroup;
			children = (
				FB1845B8193ADA66005FF61E /* en */,
			);
			name = InfoPlist.strings;
			sourceTree = "<group>";
		};
/* End PBXVariantGroup section */

/* Begin XCBuildConfiguration section */
		FB1845BC193ADA66005FF61E /* Debug */ = {
			isa = XCBuildConfiguration;
			buildSettings = {
				ALWAYS_SEARCH_USER_PATHS = NO;
				CLANG_CXX_LANGUAGE_STANDARD = "gnu++0x";
				CLANG_CXX_LIBRARY = "libc++";
				CLANG_ENABLE_MODULES = YES;
				CLANG_ENABLE_OBJC_ARC = YES;
				CLANG_WARN_BOOL_CONVERSION = YES;
				CLANG_WARN_CONSTANT_CONVERSION = YES;
				CLANG_WARN_DIRECT_OBJC_ISA_USAGE = YES_ERROR;
				CLANG_WARN_EMPTY_BODY = YES;
				CLANG_WARN_ENUM_CONVERSION = YES;
				CLANG_WARN_INT_CONVERSION = YES;
				CLANG_WARN_OBJC_ROOT_CLASS = YES_ERROR;
				CLANG_WARN__DUPLICATE_METHOD_MATCH = YES;
				"CODE_SIGN_IDENTITY[sdk=iphoneos*]" = "iPhone Developer";
				COPY_PHASE_STRIP = NO;
				GCC_C_LANGUAGE_STANDARD = gnu99;
				GCC_DYNAMIC_NO_PIC = NO;
				GCC_OPTIMIZATION_LEVEL = 0;
				GCC_PREPROCESSOR_DEFINITIONS = (
					"DEBUG=1",
					"$(inherited)",
				);
				GCC_SYMBOLS_PRIVATE_EXTERN = NO;
				GCC_WARN_64_TO_32_BIT_CONVERSION = YES;
				GCC_WARN_ABOUT_RETURN_TYPE = YES_ERROR;
				GCC_WARN_UNDECLARED_SELECTOR = YES;
				GCC_WARN_UNINITIALIZED_AUTOS = YES_AGGRESSIVE;
				GCC_WARN_UNUSED_FUNCTION = YES;
				GCC_WARN_UNUSED_VARIABLE = YES;
				IPHONEOS_DEPLOYMENT_TARGET = 7.1;
				ONLY_ACTIVE_ARCH = YES;
				SDKROOT = iphoneos;
			};
			name = Debug;
		};
		FB1845BD193ADA66005FF61E /* Release */ = {
			isa = XCBuildConfiguration;
			buildSettings = {
				ALWAYS_SEARCH_USER_PATHS = NO;
				CLANG_CXX_LANGUAGE_STANDARD = "gnu++0x";
				CLANG_CXX_LIBRARY = "libc++";
				CLANG_ENABLE_MODULES = YES;
				CLANG_ENABLE_OBJC_ARC = YES;
				CLANG_WARN_BOOL_CONVERSION = YES;
				CLANG_WARN_CONSTANT_CONVERSION = YES;
				CLANG_WARN_DIRECT_OBJC_ISA_USAGE = YES_ERROR;
				CLANG_WARN_EMPTY_BODY = YES;
				CLANG_WARN_ENUM_CONVERSION = YES;
				CLANG_WARN_INT_CONVERSION = YES;
				CLANG_WARN_OBJC_ROOT_CLASS = YES_ERROR;
				CLANG_WARN__DUPLICATE_METHOD_MATCH = YES;
				"CODE_SIGN_IDENTITY[sdk=iphoneos*]" = "iPhone Developer";
				COPY_PHASE_STRIP = YES;
				ENABLE_NS_ASSERTIONS = NO;
				GCC_C_LANGUAGE_STANDARD = gnu99;
				GCC_WARN_64_TO_32_BIT_CONVERSION = YES;
				GCC_WARN_ABOUT_RETURN_TYPE = YES_ERROR;
				GCC_WARN_UNDECLARED_SELECTOR = YES;
				GCC_WARN_UNINITIALIZED_AUTOS = YES_AGGRESSIVE;
				GCC_WARN_UNUSED_FUNCTION = YES;
				GCC_WARN_UNUSED_VARIABLE = YES;
				IPHONEOS_DEPLOYMENT_TARGET = 7.1;
				SDKROOT = iphoneos;
				VALIDATE_PRODUCT = YES;
			};
			name = Release;
		};
		FB1845BF193ADA66005FF61E /* Debug */ = {
			isa = XCBuildConfiguration;
			buildSettings = {
				ASSETCATALOG_COMPILER_APPICON_NAME = AppIcon;
				ASSETCATALOG_COMPILER_LAUNCHIMAGE_NAME = LaunchImage;
				GCC_PRECOMPILE_PREFIX_HEADER = YES;
				GCC_PREFIX_HEADER = "Howtouse/Howtouse-Prefix.pch";
				INFOPLIST_FILE = "Howtouse/Howtouse-Info.plist";
				IPHONEOS_DEPLOYMENT_TARGET = 6.0;
				PRODUCT_NAME = "$(TARGET_NAME)";
				WRAPPER_EXTENSION = app;
			};
			name = Debug;
		};
		FB1845C0193ADA66005FF61E /* Release */ = {
			isa = XCBuildConfiguration;
			buildSettings = {
				ASSETCATALOG_COMPILER_APPICON_NAME = AppIcon;
				ASSETCATALOG_COMPILER_LAUNCHIMAGE_NAME = LaunchImage;
				GCC_PRECOMPILE_PREFIX_HEADER = YES;
				GCC_PREFIX_HEADER = "Howtouse/Howtouse-Prefix.pch";
				INFOPLIST_FILE = "Howtouse/Howtouse-Info.plist";
				IPHONEOS_DEPLOYMENT_TARGET = 6.0;
				PRODUCT_NAME = "$(TARGET_NAME)";
				WRAPPER_EXTENSION = app;
			};
			name = Release;
		};
		FB1845C2193ADA66005FF61E /* Debug */ = {
			isa = XCBuildConfiguration;
			buildSettings = {
				BUNDLE_LOADER = "$(BUILT_PRODUCTS_DIR)/Howtouse.app/Howtouse";
				FRAMEWORK_SEARCH_PATHS = (
					"$(SDKROOT)/Developer/Library/Frameworks",
					"$(inherited)",
					"$(DEVELOPER_FRAMEWORKS_DIR)",
				);
				GCC_PRECOMPILE_PREFIX_HEADER = YES;
				GCC_PREFIX_HEADER = "Howtouse/Howtouse-Prefix.pch";
				GCC_PREPROCESSOR_DEFINITIONS = (
					"DEBUG=1",
					"$(inherited)",
				);
				INFOPLIST_FILE = "HowtouseTests/HowtouseTests-Info.plist";
				PRODUCT_NAME = "$(TARGET_NAME)";
				TEST_HOST = "$(BUNDLE_LOADER)";
				WRAPPER_EXTENSION = xctest;
			};
			name = Debug;
		};
		FB1845C3193ADA66005FF61E /* Release */ = {
			isa = XCBuildConfiguration;
			buildSettings = {
				BUNDLE_LOADER = "$(BUILT_PRODUCTS_DIR)/Howtouse.app/Howtouse";
				FRAMEWORK_SEARCH_PATHS = (
					"$(SDKROOT)/Developer/Library/Frameworks",
					"$(inherited)",
					"$(DEVELOPER_FRAMEWORKS_DIR)",
				);
				GCC_PRECOMPILE_PREFIX_HEADER = YES;
				GCC_PREFIX_HEADER = "Howtouse/Howtouse-Prefix.pch";
				INFOPLIST_FILE = "HowtouseTests/HowtouseTests-Info.plist";
				PRODUCT_NAME = "$(TARGET_NAME)";
				TEST_HOST = "$(BUNDLE_LOADER)";
				WRAPPER_EXTENSION = xctest;
			};
			name = Release;
		};
/* End XCBuildConfiguration section */

/* Begin XCConfigurationList section */
		FB184587193ADA66005FF61E /* Build configuration list for PBXProject "Howtouse" */ = {
			isa = XCConfigurationList;
			buildConfigurations = (
				FB1845BC193ADA66005FF61E /* Debug */,
				FB1845BD193ADA66005FF61E /* Release */,
			);
			defaultConfigurationIsVisible = 0;
			defaultConfigurationName = Release;
		};
		FB1845BE193ADA66005FF61E /* Build configuration list for PBXNativeTarget "Howtouse" */ = {
			isa = XCConfigurationList;
			buildConfigurations = (
				FB1845BF193ADA66005FF61E /* Debug */,
				FB1845C0193ADA66005FF61E /* Release */,
			);
			defaultConfigurationIsVisible = 0;
			defaultConfigurationName = Release;
		};
		FB1845C1193ADA66005FF61E /* Build configuration list for PBXNativeTarget "HowtouseTests" */ = {
			isa = XCConfigurationList;
			buildConfigurations = (
				FB1845C2193ADA66005FF61E /* Debug */,
				FB1845C3193ADA66005FF61E /* Release */,
			);
			defaultConfigurationIsVisible = 0;
			defaultConfigurationName = Release;
		};
/* End XCConfigurationList section */
	};
	rootObject = FB184584193ADA66005FF61E /* Project object */;
}
