<?xml version="1.0" encoding="UTF-8"?>
<Scheme
   version = "1.3">
   <BuildAction>
      <BuildActionEntries>
         <BuildActionEntry
            buildForRunning = "YES">
            <BuildableReference
               BuildableIdentifier = "primary"
               BlueprintIdentifier = "86C79F9C21FB0ADA00258389"
               BuildableName = "Recruitment Practice.app"
               BlueprintName = "Recruitment Practice"
               ReferencedContainer = "container:Recruitment Practice.xcodeproj">
            </BuildableReference>
         </BuildActionEntry>
      </BuildActionEntries>
   </BuildAction>
   <LaunchAction
      useCustomWorkingDirectory = "NO"
      buildConfiguration = "Debug"
      allowLocationSimulation = "YES">
      <BuildableProductRunnable>
         <BuildableReference
            BuildableIdentifier = "primary"
            BlueprintIdentifier = "86C79F9C21FB0ADA00258389"
            BuildableName = "Recruitment Practice.app"
            BlueprintName = "Recruitment Practice"
            ReferencedContainer = "container:Recruitment Practice.xcodeproj">
         </BuildableReference>
      </BuildableProductRunnable>
   </LaunchAction>
</Scheme>
