// !$*UTF8*$!
{
	archiveVersion = 1;
	classes = {
	};
	objectVersion = 48;
	objects = {

/* Begin PBXBuildFile section */
		860CE0922078A73700BE6FF1 /* ProvisionViewController.swift in Sources */ = {isa = PBXBuildFile; fileRef = 860CE0912078A73700BE6FF1 /* ProvisionViewController.swift */; };
		862AE7A22019756F00B3D6B8 /* WarnImg.png in Resources */ = {isa = PBXBuildFile; fileRef = 862AE7A12019756F00B3D6B8 /* WarnImg.png */; };
		862AE7A4201975A400B3D6B8 /* Icon.png in Resources */ = {isa = PBXBuildFile; fileRef = 862AE7A3201975A300B3D6B8 /* Icon.png */; };
		863034B42083052C00C60296 /* CoreData.framework in Frameworks */ = {isa = PBXBuildFile; fileRef = 86305A6C205FD8250016C35D /* CoreData.framework */; };
		86305A6A205FD36B0016C35D /* ReportViewController.swift in Sources */ = {isa = PBXBuildFile; fileRef = 86305A69205FD36B0016C35D /* ReportViewController.swift */; };
		867A8D022018597E0042346A /* AppDelegate.swift in Sources */ = {isa = PBXBuildFile; fileRef = 867A8D012018597E0042346A /* AppDelegate.swift */; };
		867A8D042018597E0042346A /* ViewController.swift in Sources */ = {isa = PBXBuildFile; fileRef = 867A8D032018597E0042346A /* ViewController.swift */; };
		867A8D092018597E0042346A /* Assets.xcassets in Resources */ = {isa = PBXBuildFile; fileRef = 867A8D082018597E0042346A /* Assets.xcassets */; };
		867A8D1420185B9F0042346A /* LaunchImg.jpg in Resources */ = {isa = PBXBuildFile; fileRef = 867A8D1320185B9F0042346A /* LaunchImg.jpg */; };
		867A8D1C201869B90042346A /* AppIcon in Resources */ = {isa = PBXBuildFile; fileRef = 867A8D1B201869B90042346A /* AppIcon */; };
		867A8D1F20186BCF0042346A /* WebKit.framework in Frameworks */ = {isa = PBXBuildFile; fileRef = 867A8D1E20186BCF0042346A /* WebKit.framework */; };
		867B3B012078B5000005BB7D /* UserDB.swift in Sources */ = {isa = PBXBuildFile; fileRef = 867B3B002078B5000005BB7D /* UserDB.swift */; };
		869844992070BA8800D335A4 /* Launch Screen.storyboard in Resources */ = {isa = PBXBuildFile; fileRef = 869844982070BA8800D335A4 /* Launch Screen.storyboard */; };
		86D81B0C205E7C0300252FAA /* SettingViewController.swift in Sources */ = {isa = PBXBuildFile; fileRef = 86D81B0B205E7C0300252FAA /* SettingViewController.swift */; };
		86D81B0E205FB2C300252FAA /* RootSetViewController.swift in Sources */ = {isa = PBXBuildFile; fileRef = 86D81B0D205FB2C300252FAA /* RootSetViewController.swift */; };
		86FF22DA206773090084E954 /* Main.storyboard in Resources */ = {isa = PBXBuildFile; fileRef = 86FF22D8206773090084E954 /* Main.storyboard */; };
/* End PBXBuildFile section */

/* Begin PBXFileReference section */
		860CE0912078A73700BE6FF1 /* ProvisionViewController.swift */ = {isa = PBXFileReference; lastKnownFileType = sourcecode.swift; path = ProvisionViewController.swift; sourceTree = "<group>"; };
		8611274120833AED006D4A96 /* ko */ = {isa = PBXFileReference; lastKnownFileType = file.storyboard; name = ko; path = ko.lproj/Main.storyboard; sourceTree = "<group>"; };
		862AE7A12019756F00B3D6B8 /* WarnImg.png */ = {isa = PBXFileReference; lastKnownFileType = image.png; path = WarnImg.png; sourceTree = "<group>"; };
		862AE7A3201975A300B3D6B8 /* Icon.png */ = {isa = PBXFileReference; lastKnownFileType = image.png; path = Icon.png; sourceTree = "<group>"; };
		86305A69205FD36B0016C35D /* ReportViewController.swift */ = {isa = PBXFileReference; lastKnownFileType = sourcecode.swift; path = ReportViewController.swift; sourceTree = "<group>"; };
		86305A6C205FD8250016C35D /* CoreData.framework */ = {isa = PBXFileReference; lastKnownFileType = wrapper.framework; name = CoreData.framework; path = System/Library/Frameworks/CoreData.framework; sourceTree = SDKROOT; };
		867A8CFE2018597E0042346A /* Daum 사전.app */ = {isa = PBXFileReference; explicitFileType = wrapper.application; includeInIndex = 0; path = "Daum 사전.app"; sourceTree = BUILT_PRODUCTS_DIR; };
		867A8D012018597E0042346A /* AppDelegate.swift */ = {isa = PBXFileReference; lastKnownFileType = sourcecode.swift; path = AppDelegate.swift; sourceTree = "<group>"; };
		867A8D032018597E0042346A /* ViewController.swift */ = {isa = PBXFileReference; lastKnownFileType = sourcecode.swift; path = ViewController.swift; sourceTree = "<group>"; };
		867A8D082018597E0042346A /* Assets.xcassets */ = {isa = PBXFileReference; lastKnownFileType = folder.assetcatalog; path = Assets.xcassets; sourceTree = "<group>"; };
		867A8D0D2018597E0042346A /* Info.plist */ = {isa = PBXFileReference; lastKnownFileType = text.plist.xml; path = Info.plist; sourceTree = "<group>"; };
		867A8D1320185B9F0042346A /* LaunchImg.jpg */ = {isa = PBXFileReference; lastKnownFileType = image.jpeg; path = LaunchImg.jpg; sourceTree = "<group>"; };
		867A8D1B201869B90042346A /* AppIcon */ = {isa = PBXFileReference; lastKnownFileType = folder; path = AppIcon; sourceTree = "<group>"; };
		867A8D1E20186BCF0042346A /* WebKit.framework */ = {isa = PBXFileReference; lastKnownFileType = wrapper.framework; name = WebKit.framework; path = System/Library/Frameworks/WebKit.framework; sourceTree = SDKROOT; };
		867B3B002078B5000005BB7D /* UserDB.swift */ = {isa = PBXFileReference; lastKnownFileType = sourcecode.swift; path = UserDB.swift; sourceTree = "<group>"; };
		869844982070BA8800D335A4 /* Launch Screen.storyboard */ = {isa = PBXFileReference; lastKnownFileType = file.storyboard; path = "Launch Screen.storyboard"; sourceTree = "<group>"; };
		86D81B0B205E7C0300252FAA /* SettingViewController.swift */ = {isa = PBXFileReference; lastKnownFileType = sourcecode.swift; path = SettingViewController.swift; sourceTree = "<group>"; };
		86D81B0D205FB2C300252FAA /* RootSetViewController.swift */ = {isa = PBXFileReference; lastKnownFileType = sourcecode.swift; path = RootSetViewController.swift; sourceTree = "<group>"; };
/* End PBXFileReference section */

/* Begin PBXFrameworksBuildPhase section */
		867A8CFB2018597E0042346A /* Frameworks */ = {
			isa = PBXFrameworksBuildPhase;
			buildActionMask = 2147483647;
			files = (
				863034B42083052C00C60296 /* CoreData.framework in Frameworks */,
				867A8D1F20186BCF0042346A /* WebKit.framework in Frameworks */,
			);
			runOnlyForDeploymentPostprocessing = 0;
		};
/* End PBXFrameworksBuildPhase section */

/* Begin PBXGroup section */
		86305A6B205FD3C70016C35D /* Sauce Code */ = {
			isa = PBXGroup;
			children = (
				867A8D012018597E0042346A /* AppDelegate.swift */,
				860CE0912078A73700BE6FF1 /* ProvisionViewController.swift */,
				86305A69205FD36B0016C35D /* ReportViewController.swift */,
				86D81B0D205FB2C300252FAA /* RootSetViewController.swift */,
				86D81B0B205E7C0300252FAA /* SettingViewController.swift */,
				867A8D032018597E0042346A /* ViewController.swift */,
				867B3B002078B5000005BB7D /* UserDB.swift */,
			);
			path = "Sauce Code";
			sourceTree = "<group>";
		};
		867A8CF52018597E0042346A = {
			isa = PBXGroup;
			children = (
				867A8D002018597E0042346A /* Daum 사전 */,
				867A8CFF2018597E0042346A /* Products */,
				867A8D1D20186BCF0042346A /* Frameworks */,
			);
			sourceTree = "<group>";
		};
		867A8CFF2018597E0042346A /* Products */ = {
			isa = PBXGroup;
			children = (
				867A8CFE2018597E0042346A /* Daum 사전.app */,
			);
			name = Products;
			sourceTree = "<group>";
		};
		867A8D002018597E0042346A /* Daum 사전 */ = {
			isa = PBXGroup;
			children = (
				867A8D1B201869B90042346A /* AppIcon */,
				867A8D1320185B9F0042346A /* LaunchImg.jpg */,
				867A8D0D2018597E0042346A /* Info.plist */,
				862AE7A3201975A300B3D6B8 /* Icon.png */,
				862AE7A12019756F00B3D6B8 /* WarnImg.png */,
				867A8D082018597E0042346A /* Assets.xcassets */,
				869844982070BA8800D335A4 /* Launch Screen.storyboard */,
				86FF22D8206773090084E954 /* Main.storyboard */,
				86305A6B205FD3C70016C35D /* Sauce Code */,
			);
			path = "Daum 사전";
			sourceTree = "<group>";
		};
		867A8D1D20186BCF0042346A /* Frameworks */ = {
			isa = PBXGroup;
			children = (
				86305A6C205FD8250016C35D /* CoreData.framework */,
				867A8D1E20186BCF0042346A /* WebKit.framework */,
			);
			name = Frameworks;
			sourceTree = "<group>";
		};
/* End PBXGroup section */

/* Begin PBXNativeTarget section */
		867A8CFD2018597E0042346A /* Daum 사전 */ = {
			isa = PBXNativeTarget;
			buildConfigurationList = 867A8D102018597E0042346A /* Build configuration list for PBXNativeTarget "Daum 사전" */;
			buildPhases = (
				867A8CFA2018597E0042346A /* Sources */,
				867A8CFB2018597E0042346A /* Frameworks */,
				867A8CFC2018597E0042346A /* Resources */,
			);
			buildRules = (
			);
			dependencies = (
			);
			name = "Daum 사전";
			productName = "Daum 사전";
			productReference = 867A8CFE2018597E0042346A /* Daum 사전.app */;
			productType = "com.apple.product-type.application";
		};
/* End PBXNativeTarget section */

/* Begin PBXProject section */
		867A8CF62018597E0042346A /* Project object */ = {
			isa = PBXProject;
			attributes = {
				LastSwiftUpdateCheck = 0920;
				LastUpgradeCheck = 0930;
				ORGANIZATIONNAME = HM;
				TargetAttributes = {
					867A8CFD2018597E0042346A = {
						CreatedOnToolsVersion = 9.2;
						LastSwiftMigration = 1000;
						ProvisioningStyle = Automatic;
					};
				};
			};
			buildConfigurationList = 867A8CF92018597E0042346A /* Build configuration list for PBXProject "Daum 사전" */;
			compatibilityVersion = "Xcode 8.0";
			developmentRegion = en;
			hasScannedForEncodings = 0;
			knownRegions = (
				ko,
			);
			mainGroup = 867A8CF52018597E0042346A;
			productRefGroup = 867A8CFF2018597E0042346A /* Products */;
			projectDirPath = "";
			projectRoot = "";
			targets = (
				867A8CFD2018597E0042346A /* Daum 사전 */,
			);
		};
/* End PBXProject section */

/* Begin PBXResourcesBuildPhase section */
		867A8CFC2018597E0042346A /* Resources */ = {
			isa = PBXResourcesBuildPhase;
			buildActionMask = 2147483647;
			files = (
				867A8D1420185B9F0042346A /* LaunchImg.jpg in Resources */,
				862AE7A22019756F00B3D6B8 /* WarnImg.png in Resources */,
				869844992070BA8800D335A4 /* Launch Screen.storyboard in Resources */,
				867A8D1C201869B90042346A /* AppIcon in Resources */,
				867A8D092018597E0042346A /* Assets.xcassets in Resources */,
				86FF22DA206773090084E954 /* Main.storyboard in Resources */,
				862AE7A4201975A400B3D6B8 /* Icon.png in Resources */,
			);
			runOnlyForDeploymentPostprocessing = 0;
		};
/* End PBXResourcesBuildPhase section */

/* Begin PBXSourcesBuildPhase section */
		867A8CFA2018597E0042346A /* Sources */ = {
			isa = PBXSourcesBuildPhase;
			buildActionMask = 2147483647;
			files = (
				867A8D042018597E0042346A /* ViewController.swift in Sources */,
				86D81B0E205FB2C300252FAA /* RootSetViewController.swift in Sources */,
				867A8D022018597E0042346A /* AppDelegate.swift in Sources */,
				86305A6A205FD36B0016C35D /* ReportViewController.swift in Sources */,
				867B3B012078B5000005BB7D /* UserDB.swift in Sources */,
				86D81B0C205E7C0300252FAA /* SettingViewController.swift in Sources */,
				860CE0922078A73700BE6FF1 /* ProvisionViewController.swift in Sources */,
			);
			runOnlyForDeploymentPostprocessing = 0;
		};
/* End PBXSourcesBuildPhase section */

/* Begin PBXVariantGroup section */
		86FF22D8206773090084E954 /* Main.storyboard */ = {
			isa = PBXVariantGroup;
			children = (
				8611274120833AED006D4A96 /* ko */,
			);
			name = Main.storyboard;
			sourceTree = "<group>";
		};
/* End PBXVariantGroup section */

/* Begin XCBuildConfiguration section */
		867A8D0E2018597E0042346A /* Debug */ = {
			isa = XCBuildConfiguration;
			buildSettings = {
				ALWAYS_SEARCH_USER_PATHS = NO;
				CLANG_ANALYZER_LOCALIZABILITY_NONLOCALIZED = YES;
				CLANG_ANALYZER_NONNULL = YES;
				CLANG_ANALYZER_NUMBER_OBJECT_CONVERSION = YES_AGGRESSIVE;
				CLANG_CXX_LANGUAGE_STANDARD = "gnu++14";
				CLANG_CXX_LIBRARY = "libc++";
				CLANG_ENABLE_MODULES = YES;
				CLANG_ENABLE_OBJC_ARC = YES;
				CLANG_WARN_BLOCK_CAPTURE_AUTORELEASING = YES;
				CLANG_WARN_BOOL_CONVERSION = YES;
				CLANG_WARN_COMMA = YES;
				CLANG_WARN_CONSTANT_CONVERSION = YES;
				CLANG_WARN_DEPRECATED_OBJC_IMPLEMENTATIONS = YES;
				CLANG_WARN_DIRECT_OBJC_ISA_USAGE = YES_ERROR;
				CLANG_WARN_DOCUMENTATION_COMMENTS = YES;
				CLANG_WARN_EMPTY_BODY = YES;
				CLANG_WARN_ENUM_CONVERSION = YES;
				CLANG_WARN_INFINITE_RECURSION = YES;
				CLANG_WARN_INT_CONVERSION = YES;
				CLANG_WARN_NON_LITERAL_NULL_CONVERSION = YES;
				CLANG_WARN_OBJC_IMPLICIT_RETAIN_SELF = YES;
				CLANG_WARN_OBJC_LITERAL_CONVERSION = YES;
				CLANG_WARN_OBJC_ROOT_CLASS = YES_ERROR;
				CLANG_WARN_RANGE_LOOP_ANALYSIS = YES;
				CLANG_WARN_STRICT_PROTOTYPES = YES;
				CLANG_WARN_SUSPICIOUS_MOVE = YES;
				CLANG_WARN_UNGUARDED_AVAILABILITY = YES_AGGRESSIVE;
				CLANG_WARN_UNREACHABLE_CODE = YES;
				CLANG_WARN__DUPLICATE_METHOD_MATCH = YES;
				CODE_SIGN_IDENTITY = "iPhone Developer";
				COPY_PHASE_STRIP = NO;
				DEBUG_INFORMATION_FORMAT = dwarf;
				ENABLE_STRICT_OBJC_MSGSEND = YES;
				ENABLE_TESTABILITY = YES;
				GCC_C_LANGUAGE_STANDARD = gnu11;
				GCC_DYNAMIC_NO_PIC = NO;
				GCC_NO_COMMON_BLOCKS = YES;
				GCC_OPTIMIZATION_LEVEL = 0;
				GCC_PREPROCESSOR_DEFINITIONS = (
					"DEBUG=1",
					"$(inherited)",
				);
				GCC_WARN_64_TO_32_BIT_CONVERSION = YES;
				GCC_WARN_ABOUT_RETURN_TYPE = YES_ERROR;
				GCC_WARN_UNDECLARED_SELECTOR = YES;
				GCC_WARN_UNINITIALIZED_AUTOS = YES_AGGRESSIVE;
				GCC_WARN_UNUSED_FUNCTION = YES;
				GCC_WARN_UNUSED_VARIABLE = YES;
				IPHONEOS_DEPLOYMENT_TARGET = 12.0;
				MTL_ENABLE_DEBUG_INFO = YES;
				ONLY_ACTIVE_ARCH = YES;
				SDKROOT = iphoneos;
				SWIFT_ACTIVE_COMPILATION_CONDITIONS = DEBUG;
				SWIFT_OPTIMIZATION_LEVEL = "-Onone";
			};
			name = Debug;
		};
		867A8D0F2018597E0042346A /* Release */ = {
			isa = XCBuildConfiguration;
			buildSettings = {
				ALWAYS_SEARCH_USER_PATHS = NO;
				CLANG_ANALYZER_LOCALIZABILITY_NONLOCALIZED = YES;
				CLANG_ANALYZER_NONNULL = YES;
				CLANG_ANALYZER_NUMBER_OBJECT_CONVERSION = YES_AGGRESSIVE;
				CLANG_CXX_LANGUAGE_STANDARD = "gnu++14";
				CLANG_CXX_LIBRARY = "libc++";
				CLANG_ENABLE_MODULES = YES;
				CLANG_ENABLE_OBJC_ARC = YES;
				CLANG_WARN_BLOCK_CAPTURE_AUTORELEASING = YES;
				CLANG_WARN_BOOL_CONVERSION = YES;
				CLANG_WARN_COMMA = YES;
				CLANG_WARN_CONSTANT_CONVERSION = YES;
				CLANG_WARN_DEPRECATED_OBJC_IMPLEMENTATIONS = YES;
				CLANG_WARN_DIRECT_OBJC_ISA_USAGE = YES_ERROR;
				CLANG_WARN_DOCUMENTATION_COMMENTS = YES;
				CLANG_WARN_EMPTY_BODY = YES;
				CLANG_WARN_ENUM_CONVERSION = YES;
				CLANG_WARN_INFINITE_RECURSION = YES;
				CLANG_WARN_INT_CONVERSION = YES;
				CLANG_WARN_NON_LITERAL_NULL_CONVERSION = YES;
				CLANG_WARN_OBJC_IMPLICIT_RETAIN_SELF = YES;
				CLANG_WARN_OBJC_LITERAL_CONVERSION = YES;
				CLANG_WARN_OBJC_ROOT_CLASS = YES_ERROR;
				CLANG_WARN_RANGE_LOOP_ANALYSIS = YES;
				CLANG_WARN_STRICT_PROTOTYPES = YES;
				CLANG_WARN_SUSPICIOUS_MOVE = YES;
				CLANG_WARN_UNGUARDED_AVAILABILITY = YES_AGGRESSIVE;
				CLANG_WARN_UNREACHABLE_CODE = YES;
				CLANG_WARN__DUPLICATE_METHOD_MATCH = YES;
				CODE_SIGN_IDENTITY = "iPhone Developer";
				COPY_PHASE_STRIP = NO;
				DEBUG_INFORMATION_FORMAT = "dwarf-with-dsym";
				ENABLE_NS_ASSERTIONS = NO;
				ENABLE_STRICT_OBJC_MSGSEND = YES;
				GCC_C_LANGUAGE_STANDARD = gnu11;
				GCC_NO_COMMON_BLOCKS = YES;
				GCC_WARN_64_TO_32_BIT_CONVERSION = YES;
				GCC_WARN_ABOUT_RETURN_TYPE = YES_ERROR;
				GCC_WARN_UNDECLARED_SELECTOR = YES;
				GCC_WARN_UNINITIALIZED_AUTOS = YES_AGGRESSIVE;
				GCC_WARN_UNUSED_FUNCTION = YES;
				GCC_WARN_UNUSED_VARIABLE = YES;
				IPHONEOS_DEPLOYMENT_TARGET = 12.0;
				MTL_ENABLE_DEBUG_INFO = NO;
				SDKROOT = iphoneos;
				SWIFT_OPTIMIZATION_LEVEL = "-Owholemodule";
				VALIDATE_PRODUCT = YES;
			};
			name = Release;
		};
		867A8D112018597E0042346A /* Debug */ = {
			isa = XCBuildConfiguration;
			buildSettings = {
				ASSETCATALOG_COMPILER_APPICON_NAME = AppIcon;
				CODE_SIGN_IDENTITY = "iPhone Developer";
				CODE_SIGN_STYLE = Automatic;
				DEVELOPMENT_TEAM = 8WV5TPYB24;
				INFOPLIST_FILE = "Daum 사전/Info.plist";
				IPHONEOS_DEPLOYMENT_TARGET = 9.0;
				LD_RUNPATH_SEARCH_PATHS = "$(inherited) @executable_path/Frameworks";
				PRODUCT_BUNDLE_IDENTIFIER = "Greengeckogames.Daum------";
				PRODUCT_NAME = "$(TARGET_NAME)";
				PROVISIONING_PROFILE_SPECIFIER = "";
				SWIFT_VERSION = 4.0;
				TARGETED_DEVICE_FAMILY = 2;
			};
			name = Debug;
		};
		867A8D122018597E0042346A /* Release */ = {
			isa = XCBuildConfiguration;
			buildSettings = {
				ASSETCATALOG_COMPILER_APPICON_NAME = AppIcon;
				CODE_SIGN_IDENTITY = "iPhone Developer";
				CODE_SIGN_STYLE = Automatic;
				DEVELOPMENT_TEAM = 8WV5TPYB24;
				INFOPLIST_FILE = "Daum 사전/Info.plist";
				IPHONEOS_DEPLOYMENT_TARGET = 9.0;
				LD_RUNPATH_SEARCH_PATHS = "$(inherited) @executable_path/Frameworks";
				PRODUCT_BUNDLE_IDENTIFIER = "Greengeckogames.Daum------";
				PRODUCT_NAME = "$(TARGET_NAME)";
				PROVISIONING_PROFILE_SPECIFIER = "";
				SWIFT_VERSION = 4.0;
				TARGETED_DEVICE_FAMILY = 2;
			};
			name = Release;
		};
/* End XCBuildConfiguration section */

/* Begin XCConfigurationList section */
		867A8CF92018597E0042346A /* Build configuration list for PBXProject "Daum 사전" */ = {
			isa = XCConfigurationList;
			buildConfigurations = (
				867A8D0E2018597E0042346A /* Debug */,
				867A8D0F2018597E0042346A /* Release */,
			);
			defaultConfigurationIsVisible = 0;
			defaultConfigurationName = Release;
		};
		867A8D102018597E0042346A /* Build configuration list for PBXNativeTarget "Daum 사전" */ = {
			isa = XCConfigurationList;
			buildConfigurations = (
				867A8D112018597E0042346A /* Debug */,
				867A8D122018597E0042346A /* Release */,
			);
			defaultConfigurationIsVisible = 0;
			defaultConfigurationName = Release;
		};
/* End XCConfigurationList section */
	};
	rootObject = 867A8CF62018597E0042346A /* Project object */;
}
