// !$*UTF8*$!
{
	archiveVersion = 1;
	classes = {
	};
	objectVersion = 50;
	objects = {

/* Begin PBXBuildFile section */
		864557BB23C6DE5800A75C25 /* AppDelegate.swift in Sources */ = {isa = PBXBuildFile; fileRef = 864557BA23C6DE5800A75C25 /* AppDelegate.swift */; };
		864557BD23C6DE5800A75C25 /* SceneDelegate.swift in Sources */ = {isa = PBXBuildFile; fileRef = 864557BC23C6DE5800A75C25 /* SceneDelegate.swift */; };
		864557BF23C6DE5800A75C25 /* ContentView.swift in Sources */ = {isa = PBXBuildFile; fileRef = 864557BE23C6DE5800A75C25 /* ContentView.swift */; };
		864557C123C6DE5A00A75C25 /* Assets.xcassets in Resources */ = {isa = PBXBuildFile; fileRef = 864557C023C6DE5A00A75C25 /* Assets.xcassets */; };
		864557C423C6DE5A00A75C25 /* Preview Assets.xcassets in Resources */ = {isa = PBXBuildFile; fileRef = 864557C323C6DE5A00A75C25 /* Preview Assets.xcassets */; };
		864557C723C6DE5A00A75C25 /* LaunchScreen.storyboard in Resources */ = {isa = PBXBuildFile; fileRef = 864557C523C6DE5A00A75C25 /* LaunchScreen.storyboard */; };
		864557D023C6DEB600A75C25 /* Task.swift in Sources */ = {isa = PBXBuildFile; fileRef = 864557CF23C6DEB600A75C25 /* Task.swift */; };
/* End PBXBuildFile section */

/* Begin PBXFileReference section */
		864557B723C6DE5700A75C25 /* adding-list-state.app */ = {isa = PBXFileReference; explicitFileType = wrapper.application; includeInIndex = 0; path = "adding-list-state.app"; sourceTree = BUILT_PRODUCTS_DIR; };
		864557BA23C6DE5800A75C25 /* AppDelegate.swift */ = {isa = PBXFileReference; lastKnownFileType = sourcecode.swift; path = AppDelegate.swift; sourceTree = "<group>"; };
		864557BC23C6DE5800A75C25 /* SceneDelegate.swift */ = {isa = PBXFileReference; lastKnownFileType = sourcecode.swift; path = SceneDelegate.swift; sourceTree = "<group>"; };
		864557BE23C6DE5800A75C25 /* ContentView.swift */ = {isa = PBXFileReference; lastKnownFileType = sourcecode.swift; path = ContentView.swift; sourceTree = "<group>"; };
		864557C023C6DE5A00A75C25 /* Assets.xcassets */ = {isa = PBXFileReference; lastKnownFileType = folder.assetcatalog; path = Assets.xcassets; sourceTree = "<group>"; };
		864557C323C6DE5A00A75C25 /* Preview Assets.xcassets */ = {isa = PBXFileReference; lastKnownFileType = folder.assetcatalog; path = "Preview Assets.xcassets"; sourceTree = "<group>"; };
		864557C623C6DE5A00A75C25 /* Base */ = {isa = PBXFileReference; lastKnownFileType = file.storyboard; name = Base; path = Base.lproj/LaunchScreen.storyboard; sourceTree = "<group>"; };
		864557C823C6DE5A00A75C25 /* Info.plist */ = {isa = PBXFileReference; lastKnownFileType = text.plist.xml; path = Info.plist; sourceTree = "<group>"; };
		864557CF23C6DEB600A75C25 /* Task.swift */ = {isa = PBXFileReference; lastKnownFileType = sourcecode.swift; path = Task.swift; sourceTree = "<group>"; };
/* End PBXFileReference section */

/* Begin PBXFrameworksBuildPhase section */
		864557B423C6DE5700A75C25 /* Frameworks */ = {
			isa = PBXFrameworksBuildPhase;
			buildActionMask = 2147483647;
			files = (
			);
			runOnlyForDeploymentPostprocessing = 0;
		};
/* End PBXFrameworksBuildPhase section */

/* Begin PBXGroup section */
		864557AE23C6DE5700A75C25 = {
			isa = PBXGroup;
			children = (
				864557B923C6DE5800A75C25 /* adding-list-state */,
				864557B823C6DE5800A75C25 /* Products */,
			);
			sourceTree = "<group>";
		};
		864557B823C6DE5800A75C25 /* Products */ = {
			isa = PBXGroup;
			children = (
				864557B723C6DE5700A75C25 /* adding-list-state.app */,
			);
			name = Products;
			sourceTree = "<group>";
		};
		864557B923C6DE5800A75C25 /* adding-list-state */ = {
			isa = PBXGroup;
			children = (
				864557CE23C6DE9B00A75C25 /* Models */,
				864557BA23C6DE5800A75C25 /* AppDelegate.swift */,
				864557BC23C6DE5800A75C25 /* SceneDelegate.swift */,
				864557BE23C6DE5800A75C25 /* ContentView.swift */,
				864557C023C6DE5A00A75C25 /* Assets.xcassets */,
				864557C523C6DE5A00A75C25 /* LaunchScreen.storyboard */,
				864557C823C6DE5A00A75C25 /* Info.plist */,
				864557C223C6DE5A00A75C25 /* Preview Content */,
			);
			path = "adding-list-state";
			sourceTree = "<group>";
		};
		864557C223C6DE5A00A75C25 /* Preview Content */ = {
			isa = PBXGroup;
			children = (
				864557C323C6DE5A00A75C25 /* Preview Assets.xcassets */,
			);
			path = "Preview Content";
			sourceTree = "<group>";
		};
		864557CE23C6DE9B00A75C25 /* Models */ = {
			isa = PBXGroup;
			children = (
				864557CF23C6DEB600A75C25 /* Task.swift */,
			);
			path = Models;
			sourceTree = "<group>";
		};
/* End PBXGroup section */

/* Begin PBXNativeTarget section */
		864557B623C6DE5700A75C25 /* adding-list-state */ = {
			isa = PBXNativeTarget;
			buildConfigurationList = 864557CB23C6DE5A00A75C25 /* Build configuration list for PBXNativeTarget "adding-list-state" */;
			buildPhases = (
				864557B323C6DE5700A75C25 /* Sources */,
				864557B423C6DE5700A75C25 /* Frameworks */,
				864557B523C6DE5700A75C25 /* Resources */,
			);
			buildRules = (
			);
			dependencies = (
			);
			name = "adding-list-state";
			productName = "adding-list-state";
			productReference = 864557B723C6DE5700A75C25 /* adding-list-state.app */;
			productType = "com.apple.product-type.application";
		};
/* End PBXNativeTarget section */

/* Begin PBXProject section */
		864557AF23C6DE5700A75C25 /* Project object */ = {
			isa = PBXProject;
			attributes = {
				LastSwiftUpdateCheck = 1130;
				LastUpgradeCheck = 1130;
				ORGANIZATIONNAME = HM;
				TargetAttributes = {
					864557B623C6DE5700A75C25 = {
						CreatedOnToolsVersion = 11.3;
					};
				};
			};
			buildConfigurationList = 864557B223C6DE5700A75C25 /* Build configuration list for PBXProject "adding-list-state" */;
			compatibilityVersion = "Xcode 9.3";
			developmentRegion = en;
			hasScannedForEncodings = 0;
			knownRegions = (
				en,
				Base,
			);
			mainGroup = 864557AE23C6DE5700A75C25;
			productRefGroup = 864557B823C6DE5800A75C25 /* Products */;
			projectDirPath = "";
			projectRoot = "";
			targets = (
				864557B623C6DE5700A75C25 /* adding-list-state */,
			);
		};
/* End PBXProject section */

/* Begin PBXResourcesBuildPhase section */
		864557B523C6DE5700A75C25 /* Resources */ = {
			isa = PBXResourcesBuildPhase;
			buildActionMask = 2147483647;
			files = (
				864557C723C6DE5A00A75C25 /* LaunchScreen.storyboard in Resources */,
				864557C423C6DE5A00A75C25 /* Preview Assets.xcassets in Resources */,
				864557C123C6DE5A00A75C25 /* Assets.xcassets in Resources */,
			);
			runOnlyForDeploymentPostprocessing = 0;
		};
/* End PBXResourcesBuildPhase section */

/* Begin PBXSourcesBuildPhase section */
		864557B323C6DE5700A75C25 /* Sources */ = {
			isa = PBXSourcesBuildPhase;
			buildActionMask = 2147483647;
			files = (
				864557D023C6DEB600A75C25 /* Task.swift in Sources */,
				864557BB23C6DE5800A75C25 /* AppDelegate.swift in Sources */,
				864557BD23C6DE5800A75C25 /* SceneDelegate.swift in Sources */,
				864557BF23C6DE5800A75C25 /* ContentView.swift in Sources */,
			);
			runOnlyForDeploymentPostprocessing = 0;
		};
/* End PBXSourcesBuildPhase section */

/* Begin PBXVariantGroup section */
		864557C523C6DE5A00A75C25 /* LaunchScreen.storyboard */ = {
			isa = PBXVariantGroup;
			children = (
				864557C623C6DE5A00A75C25 /* Base */,
			);
			name = LaunchScreen.storyboard;
			sourceTree = "<group>";
		};
/* End PBXVariantGroup section */

/* Begin XCBuildConfiguration section */
		864557C923C6DE5A00A75C25 /* Debug */ = {
			isa = XCBuildConfiguration;
			buildSettings = {
				ALWAYS_SEARCH_USER_PATHS = NO;
				CLANG_ANALYZER_NONNULL = YES;
				CLANG_ANALYZER_NUMBER_OBJECT_CONVERSION = YES_AGGRESSIVE;
				CLANG_CXX_LANGUAGE_STANDARD = "gnu++14";
				CLANG_CXX_LIBRARY = "libc++";
				CLANG_ENABLE_MODULES = YES;
				CLANG_ENABLE_OBJC_ARC = YES;
				CLANG_ENABLE_OBJC_WEAK = YES;
				CLANG_WARN_BLOCK_CAPTURE_AUTORELEASING = YES;
				CLANG_WARN_BOOL_CONVERSION = YES;
				CLANG_WARN_COMMA = YES;
				CLANG_WARN_CONSTANT_CONVERSION = YES;
				CLANG_WARN_DEPRECATED_OBJC_IMPLEMENTATIONS = YES;
				CLANG_WARN_DIRECT_OBJC_ISA_USAGE = YES_ERROR;
				CLANG_WARN_DOCUMENTATION_COMMENTS = YES;
				CLANG_WARN_EMPTY_BODY = YES;
				CLANG_WARN_ENUM_CONVERSION = YES;
				CLANG_WARN_INFINITE_RECURSION = YES;
				CLANG_WARN_INT_CONVERSION = YES;
				CLANG_WARN_NON_LITERAL_NULL_CONVERSION = YES;
				CLANG_WARN_OBJC_IMPLICIT_RETAIN_SELF = YES;
				CLANG_WARN_OBJC_LITERAL_CONVERSION = YES;
				CLANG_WARN_OBJC_ROOT_CLASS = YES_ERROR;
				CLANG_WARN_RANGE_LOOP_ANALYSIS = YES;
				CLANG_WARN_STRICT_PROTOTYPES = YES;
				CLANG_WARN_SUSPICIOUS_MOVE = YES;
				CLANG_WARN_UNGUARDED_AVAILABILITY = YES_AGGRESSIVE;
				CLANG_WARN_UNREACHABLE_CODE = YES;
				CLANG_WARN__DUPLICATE_METHOD_MATCH = YES;
				COPY_PHASE_STRIP = NO;
				DEBUG_INFORMATION_FORMAT = dwarf;
				ENABLE_STRICT_OBJC_MSGSEND = YES;
				ENABLE_TESTABILITY = YES;
				GCC_C_LANGUAGE_STANDARD = gnu11;
				GCC_DYNAMIC_NO_PIC = NO;
				GCC_NO_COMMON_BLOCKS = YES;
				GCC_OPTIMIZATION_LEVEL = 0;
				GCC_PREPROCESSOR_DEFINITIONS = (
					"DEBUG=1",
					"$(inherited)",
				);
				GCC_WARN_64_TO_32_BIT_CONVERSION = YES;
				GCC_WARN_ABOUT_RETURN_TYPE = YES_ERROR;
				GCC_WARN_UNDECLARED_SELECTOR = YES;
				GCC_WARN_UNINITIALIZED_AUTOS = YES_AGGRESSIVE;
				GCC_WARN_UNUSED_FUNCTION = YES;
				GCC_WARN_UNUSED_VARIABLE = YES;
				IPHONEOS_DEPLOYMENT_TARGET = 13.2;
				MTL_ENABLE_DEBUG_INFO = INCLUDE_SOURCE;
				MTL_FAST_MATH = YES;
				ONLY_ACTIVE_ARCH = YES;
				SDKROOT = iphoneos;
				SWIFT_ACTIVE_COMPILATION_CONDITIONS = DEBUG;
				SWIFT_OPTIMIZATION_LEVEL = "-Onone";
			};
			name = Debug;
		};
		864557CA23C6DE5A00A75C25 /* Release */ = {
			isa = XCBuildConfiguration;
			buildSettings = {
				ALWAYS_SEARCH_USER_PATHS = NO;
				CLANG_ANALYZER_NONNULL = YES;
				CLANG_ANALYZER_NUMBER_OBJECT_CONVERSION = YES_AGGRESSIVE;
				CLANG_CXX_LANGUAGE_STANDARD = "gnu++14";
				CLANG_CXX_LIBRARY = "libc++";
				CLANG_ENABLE_MODULES = YES;
				CLANG_ENABLE_OBJC_ARC = YES;
				CLANG_ENABLE_OBJC_WEAK = YES;
				CLANG_WARN_BLOCK_CAPTURE_AUTORELEASING = YES;
				CLANG_WARN_BOOL_CONVERSION = YES;
				CLANG_WARN_COMMA = YES;
				CLANG_WARN_CONSTANT_CONVERSION = YES;
				CLANG_WARN_DEPRECATED_OBJC_IMPLEMENTATIONS = YES;
				CLANG_WARN_DIRECT_OBJC_ISA_USAGE = YES_ERROR;
				CLANG_WARN_DOCUMENTATION_COMMENTS = YES;
				CLANG_WARN_EMPTY_BODY = YES;
				CLANG_WARN_ENUM_CONVERSION = YES;
				CLANG_WARN_INFINITE_RECURSION = YES;
				CLANG_WARN_INT_CONVERSION = YES;
				CLANG_WARN_NON_LITERAL_NULL_CONVERSION = YES;
				CLANG_WARN_OBJC_IMPLICIT_RETAIN_SELF = YES;
				CLANG_WARN_OBJC_LITERAL_CONVERSION = YES;
				CLANG_WARN_OBJC_ROOT_CLASS = YES_ERROR;
				CLANG_WARN_RANGE_LOOP_ANALYSIS = YES;
				CLANG_WARN_STRICT_PROTOTYPES = YES;
				CLANG_WARN_SUSPICIOUS_MOVE = YES;
				CLANG_WARN_UNGUARDED_AVAILABILITY = YES_AGGRESSIVE;
				CLANG_WARN_UNREACHABLE_CODE = YES;
				CLANG_WARN__DUPLICATE_METHOD_MATCH = YES;
				COPY_PHASE_STRIP = NO;
				DEBUG_INFORMATION_FORMAT = "dwarf-with-dsym";
				ENABLE_NS_ASSERTIONS = NO;
				ENABLE_STRICT_OBJC_MSGSEND = YES;
				GCC_C_LANGUAGE_STANDARD = gnu11;
				GCC_NO_COMMON_BLOCKS = YES;
				GCC_WARN_64_TO_32_BIT_CONVERSION = YES;
				GCC_WARN_ABOUT_RETURN_TYPE = YES_ERROR;
				GCC_WARN_UNDECLARED_SELECTOR = YES;
				GCC_WARN_UNINITIALIZED_AUTOS = YES_AGGRESSIVE;
				GCC_WARN_UNUSED_FUNCTION = YES;
				GCC_WARN_UNUSED_VARIABLE = YES;
				IPHONEOS_DEPLOYMENT_TARGET = 13.2;
				MTL_ENABLE_DEBUG_INFO = NO;
				MTL_FAST_MATH = YES;
				SDKROOT = iphoneos;
				SWIFT_COMPILATION_MODE = wholemodule;
				SWIFT_OPTIMIZATION_LEVEL = "-O";
				VALIDATE_PRODUCT = YES;
			};
			name = Release;
		};
		864557CC23C6DE5A00A75C25 /* Debug */ = {
			isa = XCBuildConfiguration;
			buildSettings = {
				ASSETCATALOG_COMPILER_APPICON_NAME = AppIcon;
				CODE_SIGN_STYLE = Automatic;
				DEVELOPMENT_ASSET_PATHS = "\"adding-list-state/Preview Content\"";
				DEVELOPMENT_TEAM = 8WV5TPYB24;
				ENABLE_PREVIEWS = YES;
				INFOPLIST_FILE = "adding-list-state/Info.plist";
				LD_RUNPATH_SEARCH_PATHS = (
					"$(inherited)",
					"@executable_path/Frameworks",
				);
				PRODUCT_BUNDLE_IDENTIFIER = "greengeckogames.adding-list-state";
				PRODUCT_NAME = "$(TARGET_NAME)";
				SWIFT_VERSION = 5.0;
				TARGETED_DEVICE_FAMILY = "1,2";
			};
			name = Debug;
		};
		864557CD23C6DE5A00A75C25 /* Release */ = {
			isa = XCBuildConfiguration;
			buildSettings = {
				ASSETCATALOG_COMPILER_APPICON_NAME = AppIcon;
				CODE_SIGN_STYLE = Automatic;
				DEVELOPMENT_ASSET_PATHS = "\"adding-list-state/Preview Content\"";
				DEVELOPMENT_TEAM = 8WV5TPYB24;
				ENABLE_PREVIEWS = YES;
				INFOPLIST_FILE = "adding-list-state/Info.plist";
				LD_RUNPATH_SEARCH_PATHS = (
					"$(inherited)",
					"@executable_path/Frameworks",
				);
				PRODUCT_BUNDLE_IDENTIFIER = "greengeckogames.adding-list-state";
				PRODUCT_NAME = "$(TARGET_NAME)";
				SWIFT_VERSION = 5.0;
				TARGETED_DEVICE_FAMILY = "1,2";
			};
			name = Release;
		};
/* End XCBuildConfiguration section */

/* Begin XCConfigurationList section */
		864557B223C6DE5700A75C25 /* Build configuration list for PBXProject "adding-list-state" */ = {
			isa = XCConfigurationList;
			buildConfigurations = (
				864557C923C6DE5A00A75C25 /* Debug */,
				864557CA23C6DE5A00A75C25 /* Release */,
			);
			defaultConfigurationIsVisible = 0;
			defaultConfigurationName = Release;
		};
		864557CB23C6DE5A00A75C25 /* Build configuration list for PBXNativeTarget "adding-list-state" */ = {
			isa = XCConfigurationList;
			buildConfigurations = (
				864557CC23C6DE5A00A75C25 /* Debug */,
				864557CD23C6DE5A00A75C25 /* Release */,
			);
			defaultConfigurationIsVisible = 0;
			defaultConfigurationName = Release;
		};
/* End XCConfigurationList section */
	};
	rootObject = 864557AF23C6DE5700A75C25 /* Project object */;
}
