// !$*UTF8*$!
{
	archiveVersion = 1;
	classes = {
	};
	objectVersion = 50;
	objects = {

/* Begin PBXBuildFile section */
		86413C7923CEEE200037863F /* AppDelegate.swift in Sources */ = {isa = PBXBuildFile; fileRef = 86413C7823CEEE200037863F /* AppDelegate.swift */; };
		86413C7B23CEEE200037863F /* SceneDelegate.swift in Sources */ = {isa = PBXBuildFile; fileRef = 86413C7A23CEEE200037863F /* SceneDelegate.swift */; };
		86413C7D23CEEE200037863F /* ContentView.swift in Sources */ = {isa = PBXBuildFile; fileRef = 86413C7C23CEEE200037863F /* ContentView.swift */; };
		86413C7F23CEEE250037863F /* Assets.xcassets in Resources */ = {isa = PBXBuildFile; fileRef = 86413C7E23CEEE250037863F /* Assets.xcassets */; };
		86413C8223CEEE250037863F /* Preview Assets.xcassets in Resources */ = {isa = PBXBuildFile; fileRef = 86413C8123CEEE250037863F /* Preview Assets.xcassets */; };
		86413C8523CEEE250037863F /* LaunchScreen.storyboard in Resources */ = {isa = PBXBuildFile; fileRef = 86413C8323CEEE250037863F /* LaunchScreen.storyboard */; };
		86413C8D23CEEE5E0037863F /* Card.swift in Sources */ = {isa = PBXBuildFile; fileRef = 86413C8C23CEEE5E0037863F /* Card.swift */; };
/* End PBXBuildFile section */

/* Begin PBXFileReference section */
		86413C7523CEEE200037863F /* gestures-demo.app */ = {isa = PBXFileReference; explicitFileType = wrapper.application; includeInIndex = 0; path = "gestures-demo.app"; sourceTree = BUILT_PRODUCTS_DIR; };
		86413C7823CEEE200037863F /* AppDelegate.swift */ = {isa = PBXFileReference; lastKnownFileType = sourcecode.swift; path = AppDelegate.swift; sourceTree = "<group>"; };
		86413C7A23CEEE200037863F /* SceneDelegate.swift */ = {isa = PBXFileReference; lastKnownFileType = sourcecode.swift; path = SceneDelegate.swift; sourceTree = "<group>"; };
		86413C7C23CEEE200037863F /* ContentView.swift */ = {isa = PBXFileReference; lastKnownFileType = sourcecode.swift; path = ContentView.swift; sourceTree = "<group>"; };
		86413C7E23CEEE250037863F /* Assets.xcassets */ = {isa = PBXFileReference; lastKnownFileType = folder.assetcatalog; path = Assets.xcassets; sourceTree = "<group>"; };
		86413C8123CEEE250037863F /* Preview Assets.xcassets */ = {isa = PBXFileReference; lastKnownFileType = folder.assetcatalog; path = "Preview Assets.xcassets"; sourceTree = "<group>"; };
		86413C8423CEEE250037863F /* Base */ = {isa = PBXFileReference; lastKnownFileType = file.storyboard; name = Base; path = Base.lproj/LaunchScreen.storyboard; sourceTree = "<group>"; };
		86413C8623CEEE250037863F /* Info.plist */ = {isa = PBXFileReference; lastKnownFileType = text.plist.xml; path = Info.plist; sourceTree = "<group>"; };
		86413C8C23CEEE5E0037863F /* Card.swift */ = {isa = PBXFileReference; lastKnownFileType = sourcecode.swift; path = Card.swift; sourceTree = "<group>"; };
/* End PBXFileReference section */

/* Begin PBXFrameworksBuildPhase section */
		86413C7223CEEE200037863F /* Frameworks */ = {
			isa = PBXFrameworksBuildPhase;
			buildActionMask = 2147483647;
			files = (
			);
			runOnlyForDeploymentPostprocessing = 0;
		};
/* End PBXFrameworksBuildPhase section */

/* Begin PBXGroup section */
		86413C6C23CEEE1F0037863F = {
			isa = PBXGroup;
			children = (
				86413C7723CEEE200037863F /* gestures-demo */,
				86413C7623CEEE200037863F /* Products */,
			);
			sourceTree = "<group>";
		};
		86413C7623CEEE200037863F /* Products */ = {
			isa = PBXGroup;
			children = (
				86413C7523CEEE200037863F /* gestures-demo.app */,
			);
			name = Products;
			sourceTree = "<group>";
		};
		86413C7723CEEE200037863F /* gestures-demo */ = {
			isa = PBXGroup;
			children = (
				86413C7823CEEE200037863F /* AppDelegate.swift */,
				86413C7A23CEEE200037863F /* SceneDelegate.swift */,
				86413C7C23CEEE200037863F /* ContentView.swift */,
				86413C7E23CEEE250037863F /* Assets.xcassets */,
				86413C8323CEEE250037863F /* LaunchScreen.storyboard */,
				86413C8623CEEE250037863F /* Info.plist */,
				86413C8023CEEE250037863F /* Preview Content */,
				86413C8C23CEEE5E0037863F /* Card.swift */,
			);
			path = "gestures-demo";
			sourceTree = "<group>";
		};
		86413C8023CEEE250037863F /* Preview Content */ = {
			isa = PBXGroup;
			children = (
				86413C8123CEEE250037863F /* Preview Assets.xcassets */,
			);
			path = "Preview Content";
			sourceTree = "<group>";
		};
/* End PBXGroup section */

/* Begin PBXNativeTarget section */
		86413C7423CEEE200037863F /* gestures-demo */ = {
			isa = PBXNativeTarget;
			buildConfigurationList = 86413C8923CEEE250037863F /* Build configuration list for PBXNativeTarget "gestures-demo" */;
			buildPhases = (
				86413C7123CEEE200037863F /* Sources */,
				86413C7223CEEE200037863F /* Frameworks */,
				86413C7323CEEE200037863F /* Resources */,
			);
			buildRules = (
			);
			dependencies = (
			);
			name = "gestures-demo";
			productName = "gestures-demo";
			productReference = 86413C7523CEEE200037863F /* gestures-demo.app */;
			productType = "com.apple.product-type.application";
		};
/* End PBXNativeTarget section */

/* Begin PBXProject section */
		86413C6D23CEEE200037863F /* Project object */ = {
			isa = PBXProject;
			attributes = {
				LastSwiftUpdateCheck = 1130;
				LastUpgradeCheck = 1130;
				ORGANIZATIONNAME = HM;
				TargetAttributes = {
					86413C7423CEEE200037863F = {
						CreatedOnToolsVersion = 11.3.1;
					};
				};
			};
			buildConfigurationList = 86413C7023CEEE200037863F /* Build configuration list for PBXProject "gestures-demo" */;
			compatibilityVersion = "Xcode 9.3";
			developmentRegion = en;
			hasScannedForEncodings = 0;
			knownRegions = (
				en,
				Base,
			);
			mainGroup = 86413C6C23CEEE1F0037863F;
			productRefGroup = 86413C7623CEEE200037863F /* Products */;
			projectDirPath = "";
			projectRoot = "";
			targets = (
				86413C7423CEEE200037863F /* gestures-demo */,
			);
		};
/* End PBXProject section */

/* Begin PBXResourcesBuildPhase section */
		86413C7323CEEE200037863F /* Resources */ = {
			isa = PBXResourcesBuildPhase;
			buildActionMask = 2147483647;
			files = (
				86413C8523CEEE250037863F /* LaunchScreen.storyboard in Resources */,
				86413C8223CEEE250037863F /* Preview Assets.xcassets in Resources */,
				86413C7F23CEEE250037863F /* Assets.xcassets in Resources */,
			);
			runOnlyForDeploymentPostprocessing = 0;
		};
/* End PBXResourcesBuildPhase section */

/* Begin PBXSourcesBuildPhase section */
		86413C7123CEEE200037863F /* Sources */ = {
			isa = PBXSourcesBuildPhase;
			buildActionMask = 2147483647;
			files = (
				86413C7923CEEE200037863F /* AppDelegate.swift in Sources */,
				86413C7B23CEEE200037863F /* SceneDelegate.swift in Sources */,
				86413C7D23CEEE200037863F /* ContentView.swift in Sources */,
				86413C8D23CEEE5E0037863F /* Card.swift in Sources */,
			);
			runOnlyForDeploymentPostprocessing = 0;
		};
/* End PBXSourcesBuildPhase section */

/* Begin PBXVariantGroup section */
		86413C8323CEEE250037863F /* LaunchScreen.storyboard */ = {
			isa = PBXVariantGroup;
			children = (
				86413C8423CEEE250037863F /* Base */,
			);
			name = LaunchScreen.storyboard;
			sourceTree = "<group>";
		};
/* End PBXVariantGroup section */

/* Begin XCBuildConfiguration section */
		86413C8723CEEE250037863F /* Debug */ = {
			isa = XCBuildConfiguration;
			buildSettings = {
				ALWAYS_SEARCH_USER_PATHS = NO;
				CLANG_ANALYZER_NONNULL = YES;
				CLANG_ANALYZER_NUMBER_OBJECT_CONVERSION = YES_AGGRESSIVE;
				CLANG_CXX_LANGUAGE_STANDARD = "gnu++14";
				CLANG_CXX_LIBRARY = "libc++";
				CLANG_ENABLE_MODULES = YES;
				CLANG_ENABLE_OBJC_ARC = YES;
				CLANG_ENABLE_OBJC_WEAK = YES;
				CLANG_WARN_BLOCK_CAPTURE_AUTORELEASING = YES;
				CLANG_WARN_BOOL_CONVERSION = YES;
				CLANG_WARN_COMMA = YES;
				CLANG_WARN_CONSTANT_CONVERSION = YES;
				CLANG_WARN_DEPRECATED_OBJC_IMPLEMENTATIONS = YES;
				CLANG_WARN_DIRECT_OBJC_ISA_USAGE = YES_ERROR;
				CLANG_WARN_DOCUMENTATION_COMMENTS = YES;
				CLANG_WARN_EMPTY_BODY = YES;
				CLANG_WARN_ENUM_CONVERSION = YES;
				CLANG_WARN_INFINITE_RECURSION = YES;
				CLANG_WARN_INT_CONVERSION = YES;
				CLANG_WARN_NON_LITERAL_NULL_CONVERSION = YES;
				CLANG_WARN_OBJC_IMPLICIT_RETAIN_SELF = YES;
				CLANG_WARN_OBJC_LITERAL_CONVERSION = YES;
				CLANG_WARN_OBJC_ROOT_CLASS = YES_ERROR;
				CLANG_WARN_RANGE_LOOP_ANALYSIS = YES;
				CLANG_WARN_STRICT_PROTOTYPES = YES;
				CLANG_WARN_SUSPICIOUS_MOVE = YES;
				CLANG_WARN_UNGUARDED_AVAILABILITY = YES_AGGRESSIVE;
				CLANG_WARN_UNREACHABLE_CODE = YES;
				CLANG_WARN__DUPLICATE_METHOD_MATCH = YES;
				COPY_PHASE_STRIP = NO;
				DEBUG_INFORMATION_FORMAT = dwarf;
				ENABLE_STRICT_OBJC_MSGSEND = YES;
				ENABLE_TESTABILITY = YES;
				GCC_C_LANGUAGE_STANDARD = gnu11;
				GCC_DYNAMIC_NO_PIC = NO;
				GCC_NO_COMMON_BLOCKS = YES;
				GCC_OPTIMIZATION_LEVEL = 0;
				GCC_PREPROCESSOR_DEFINITIONS = (
					"DEBUG=1",
					"$(inherited)",
				);
				GCC_WARN_64_TO_32_BIT_CONVERSION = YES;
				GCC_WARN_ABOUT_RETURN_TYPE = YES_ERROR;
				GCC_WARN_UNDECLARED_SELECTOR = YES;
				GCC_WARN_UNINITIALIZED_AUTOS = YES_AGGRESSIVE;
				GCC_WARN_UNUSED_FUNCTION = YES;
				GCC_WARN_UNUSED_VARIABLE = YES;
				IPHONEOS_DEPLOYMENT_TARGET = 13.2;
				MTL_ENABLE_DEBUG_INFO = INCLUDE_SOURCE;
				MTL_FAST_MATH = YES;
				ONLY_ACTIVE_ARCH = YES;
				SDKROOT = iphoneos;
				SWIFT_ACTIVE_COMPILATION_CONDITIONS = DEBUG;
				SWIFT_OPTIMIZATION_LEVEL = "-Onone";
			};
			name = Debug;
		};
		86413C8823CEEE250037863F /* Release */ = {
			isa = XCBuildConfiguration;
			buildSettings = {
				ALWAYS_SEARCH_USER_PATHS = NO;
				CLANG_ANALYZER_NONNULL = YES;
				CLANG_ANALYZER_NUMBER_OBJECT_CONVERSION = YES_AGGRESSIVE;
				CLANG_CXX_LANGUAGE_STANDARD = "gnu++14";
				CLANG_CXX_LIBRARY = "libc++";
				CLANG_ENABLE_MODULES = YES;
				CLANG_ENABLE_OBJC_ARC = YES;
				CLANG_ENABLE_OBJC_WEAK = YES;
				CLANG_WARN_BLOCK_CAPTURE_AUTORELEASING = YES;
				CLANG_WARN_BOOL_CONVERSION = YES;
				CLANG_WARN_COMMA = YES;
				CLANG_WARN_CONSTANT_CONVERSION = YES;
				CLANG_WARN_DEPRECATED_OBJC_IMPLEMENTATIONS = YES;
				CLANG_WARN_DIRECT_OBJC_ISA_USAGE = YES_ERROR;
				CLANG_WARN_DOCUMENTATION_COMMENTS = YES;
				CLANG_WARN_EMPTY_BODY = YES;
				CLANG_WARN_ENUM_CONVERSION = YES;
				CLANG_WARN_INFINITE_RECURSION = YES;
				CLANG_WARN_INT_CONVERSION = YES;
				CLANG_WARN_NON_LITERAL_NULL_CONVERSION = YES;
				CLANG_WARN_OBJC_IMPLICIT_RETAIN_SELF = YES;
				CLANG_WARN_OBJC_LITERAL_CONVERSION = YES;
				CLANG_WARN_OBJC_ROOT_CLASS = YES_ERROR;
				CLANG_WARN_RANGE_LOOP_ANALYSIS = YES;
				CLANG_WARN_STRICT_PROTOTYPES = YES;
				CLANG_WARN_SUSPICIOUS_MOVE = YES;
				CLANG_WARN_UNGUARDED_AVAILABILITY = YES_AGGRESSIVE;
				CLANG_WARN_UNREACHABLE_CODE = YES;
				CLANG_WARN__DUPLICATE_METHOD_MATCH = YES;
				COPY_PHASE_STRIP = NO;
				DEBUG_INFORMATION_FORMAT = "dwarf-with-dsym";
				ENABLE_NS_ASSERTIONS = NO;
				ENABLE_STRICT_OBJC_MSGSEND = YES;
				GCC_C_LANGUAGE_STANDARD = gnu11;
				GCC_NO_COMMON_BLOCKS = YES;
				GCC_WARN_64_TO_32_BIT_CONVERSION = YES;
				GCC_WARN_ABOUT_RETURN_TYPE = YES_ERROR;
				GCC_WARN_UNDECLARED_SELECTOR = YES;
				GCC_WARN_UNINITIALIZED_AUTOS = YES_AGGRESSIVE;
				GCC_WARN_UNUSED_FUNCTION = YES;
				GCC_WARN_UNUSED_VARIABLE = YES;
				IPHONEOS_DEPLOYMENT_TARGET = 13.2;
				MTL_ENABLE_DEBUG_INFO = NO;
				MTL_FAST_MATH = YES;
				SDKROOT = iphoneos;
				SWIFT_COMPILATION_MODE = wholemodule;
				SWIFT_OPTIMIZATION_LEVEL = "-O";
				VALIDATE_PRODUCT = YES;
			};
			name = Release;
		};
		86413C8A23CEEE250037863F /* Debug */ = {
			isa = XCBuildConfiguration;
			buildSettings = {
				ASSETCATALOG_COMPILER_APPICON_NAME = AppIcon;
				CODE_SIGN_STYLE = Automatic;
				DEVELOPMENT_ASSET_PATHS = "\"gestures-demo/Preview Content\"";
				DEVELOPMENT_TEAM = 8WV5TPYB24;
				ENABLE_PREVIEWS = YES;
				INFOPLIST_FILE = "gestures-demo/Info.plist";
				LD_RUNPATH_SEARCH_PATHS = (
					"$(inherited)",
					"@executable_path/Frameworks",
				);
				PRODUCT_BUNDLE_IDENTIFIER = "greengeckogames.gestures-demo";
				PRODUCT_NAME = "$(TARGET_NAME)";
				SWIFT_VERSION = 5.0;
				TARGETED_DEVICE_FAMILY = "1,2";
			};
			name = Debug;
		};
		86413C8B23CEEE250037863F /* Release */ = {
			isa = XCBuildConfiguration;
			buildSettings = {
				ASSETCATALOG_COMPILER_APPICON_NAME = AppIcon;
				CODE_SIGN_STYLE = Automatic;
				DEVELOPMENT_ASSET_PATHS = "\"gestures-demo/Preview Content\"";
				DEVELOPMENT_TEAM = 8WV5TPYB24;
				ENABLE_PREVIEWS = YES;
				INFOPLIST_FILE = "gestures-demo/Info.plist";
				LD_RUNPATH_SEARCH_PATHS = (
					"$(inherited)",
					"@executable_path/Frameworks",
				);
				PRODUCT_BUNDLE_IDENTIFIER = "greengeckogames.gestures-demo";
				PRODUCT_NAME = "$(TARGET_NAME)";
				SWIFT_VERSION = 5.0;
				TARGETED_DEVICE_FAMILY = "1,2";
			};
			name = Release;
		};
/* End XCBuildConfiguration section */

/* Begin XCConfigurationList section */
		86413C7023CEEE200037863F /* Build configuration list for PBXProject "gestures-demo" */ = {
			isa = XCConfigurationList;
			buildConfigurations = (
				86413C8723CEEE250037863F /* Debug */,
				86413C8823CEEE250037863F /* Release */,
			);
			defaultConfigurationIsVisible = 0;
			defaultConfigurationName = Release;
		};
		86413C8923CEEE250037863F /* Build configuration list for PBXNativeTarget "gestures-demo" */ = {
			isa = XCConfigurationList;
			buildConfigurations = (
				86413C8A23CEEE250037863F /* Debug */,
				86413C8B23CEEE250037863F /* Release */,
			);
			defaultConfigurationIsVisible = 0;
			defaultConfigurationName = Release;
		};
/* End XCConfigurationList section */
	};
	rootObject = 86413C6D23CEEE200037863F /* Project object */;
}
