// !$*UTF8*$!
{
	archiveVersion = 1;
	classes = {
	};
	objectVersion = 48;
	objects = {

/* Begin PBXBuildFile section */
		8615D4E11FE902FA00CE9721 /* WebKit.framework in Frameworks */ = {isa = PBXBuildFile; fileRef = 8615D4E01FE902FA00CE9721 /* WebKit.framework */; };
		8615D4E31FE92BE400CE9721 /* UserInfoDB.swift in Sources */ = {isa = PBXBuildFile; fileRef = 8615D4E21FE92BE400CE9721 /* UserInfoDB.swift */; };
		8615D4E51FE92CB900CE9721 /* SettingViewController.swift in Sources */ = {isa = PBXBuildFile; fileRef = 8615D4E41FE92CB900CE9721 /* SettingViewController.swift */; };
		8615D4E91FE92D5F00CE9721 /* RestViewController.swift in Sources */ = {isa = PBXBuildFile; fileRef = 8615D4E81FE92D5F00CE9721 /* RestViewController.swift */; };
		8615D4EB1FE92DBC00CE9721 /* BookmarksViewController.swift in Sources */ = {isa = PBXBuildFile; fileRef = 8615D4EA1FE92DBC00CE9721 /* BookmarksViewController.swift */; };
		862D902420346646001308A4 /* BlinkeyeOptionViewController.swift in Sources */ = {isa = PBXBuildFile; fileRef = 862D902320346646001308A4 /* BlinkeyeOptionViewController.swift */; };
		862D902820351D2A001308A4 /* AdoptionViewController.swift in Sources */ = {isa = PBXBuildFile; fileRef = 862D902720351D2A001308A4 /* AdoptionViewController.swift */; };
		862FE1182033CBFE0026EA08 /* CreditoptionsViewController.swift in Sources */ = {isa = PBXBuildFile; fileRef = 862FE1172033CBFE0026EA08 /* CreditoptionsViewController.swift */; };
		862FE11A2033D0340026EA08 /* ForcebreakViewController.swift in Sources */ = {isa = PBXBuildFile; fileRef = 862FE1192033D0340026EA08 /* ForcebreakViewController.swift */; };
		86DB277F1FE8D49A00585405 /* AppDelegate.swift in Sources */ = {isa = PBXBuildFile; fileRef = 86DB277E1FE8D49A00585405 /* AppDelegate.swift */; };
		86DB27811FE8D49A00585405 /* ViewController.swift in Sources */ = {isa = PBXBuildFile; fileRef = 86DB27801FE8D49A00585405 /* ViewController.swift */; };
		86DB27841FE8D49A00585405 /* Main.storyboard in Resources */ = {isa = PBXBuildFile; fileRef = 86DB27821FE8D49A00585405 /* Main.storyboard */; };
		86DB27861FE8D49A00585405 /* Assets.xcassets in Resources */ = {isa = PBXBuildFile; fileRef = 86DB27851FE8D49A00585405 /* Assets.xcassets */; };
		86DB27891FE8D49A00585405 /* LaunchScreen.storyboard in Resources */ = {isa = PBXBuildFile; fileRef = 86DB27871FE8D49A00585405 /* LaunchScreen.storyboard */; };
/* End PBXBuildFile section */

/* Begin PBXFileReference section */
		8615D4E01FE902FA00CE9721 /* WebKit.framework */ = {isa = PBXFileReference; lastKnownFileType = wrapper.framework; name = WebKit.framework; path = System/Library/Frameworks/WebKit.framework; sourceTree = SDKROOT; };
		8615D4E21FE92BE400CE9721 /* UserInfoDB.swift */ = {isa = PBXFileReference; lastKnownFileType = sourcecode.swift; path = UserInfoDB.swift; sourceTree = "<group>"; };
		8615D4E41FE92CB900CE9721 /* SettingViewController.swift */ = {isa = PBXFileReference; lastKnownFileType = sourcecode.swift; path = SettingViewController.swift; sourceTree = "<group>"; };
		8615D4E81FE92D5F00CE9721 /* RestViewController.swift */ = {isa = PBXFileReference; lastKnownFileType = sourcecode.swift; path = RestViewController.swift; sourceTree = "<group>"; };
		8615D4EA1FE92DBC00CE9721 /* BookmarksViewController.swift */ = {isa = PBXFileReference; lastKnownFileType = sourcecode.swift; path = BookmarksViewController.swift; sourceTree = "<group>"; };
		862D902320346646001308A4 /* BlinkeyeOptionViewController.swift */ = {isa = PBXFileReference; lastKnownFileType = sourcecode.swift; path = BlinkeyeOptionViewController.swift; sourceTree = "<group>"; };
		862D902720351D2A001308A4 /* AdoptionViewController.swift */ = {isa = PBXFileReference; lastKnownFileType = sourcecode.swift; path = AdoptionViewController.swift; sourceTree = "<group>"; };
		862FE1172033CBFE0026EA08 /* CreditoptionsViewController.swift */ = {isa = PBXFileReference; lastKnownFileType = sourcecode.swift; path = CreditoptionsViewController.swift; sourceTree = "<group>"; };
		862FE1192033D0340026EA08 /* ForcebreakViewController.swift */ = {isa = PBXFileReference; lastKnownFileType = sourcecode.swift; path = ForcebreakViewController.swift; sourceTree = "<group>"; };
		86DB277B1FE8D49900585405 /* AntiDriEye.app */ = {isa = PBXFileReference; explicitFileType = wrapper.application; includeInIndex = 0; path = AntiDriEye.app; sourceTree = BUILT_PRODUCTS_DIR; };
		86DB277E1FE8D49A00585405 /* AppDelegate.swift */ = {isa = PBXFileReference; lastKnownFileType = sourcecode.swift; path = AppDelegate.swift; sourceTree = "<group>"; };
		86DB27801FE8D49A00585405 /* ViewController.swift */ = {isa = PBXFileReference; lastKnownFileType = sourcecode.swift; path = ViewController.swift; sourceTree = "<group>"; };
		86DB27831FE8D49A00585405 /* Base */ = {isa = PBXFileReference; lastKnownFileType = file.storyboard; name = Base; path = Base.lproj/Main.storyboard; sourceTree = "<group>"; };
		86DB27851FE8D49A00585405 /* Assets.xcassets */ = {isa = PBXFileReference; lastKnownFileType = folder.assetcatalog; path = Assets.xcassets; sourceTree = "<group>"; };
		86DB27881FE8D49A00585405 /* Base */ = {isa = PBXFileReference; lastKnownFileType = file.storyboard; name = Base; path = Base.lproj/LaunchScreen.storyboard; sourceTree = "<group>"; };
		86DB278A1FE8D49A00585405 /* Info.plist */ = {isa = PBXFileReference; lastKnownFileType = text.plist.xml; path = Info.plist; sourceTree = "<group>"; };
/* End PBXFileReference section */

/* Begin PBXFrameworksBuildPhase section */
		86DB27781FE8D49900585405 /* Frameworks */ = {
			isa = PBXFrameworksBuildPhase;
			buildActionMask = 2147483647;
			files = (
				8615D4E11FE902FA00CE9721 /* WebKit.framework in Frameworks */,
			);
			runOnlyForDeploymentPostprocessing = 0;
		};
/* End PBXFrameworksBuildPhase section */

/* Begin PBXGroup section */
		8615D4DF1FE902FA00CE9721 /* Frameworks */ = {
			isa = PBXGroup;
			children = (
				8615D4E01FE902FA00CE9721 /* WebKit.framework */,
			);
			name = Frameworks;
			sourceTree = "<group>";
		};
		862D902620346669001308A4 /* Source Code */ = {
			isa = PBXGroup;
			children = (
				862D902720351D2A001308A4 /* AdoptionViewController.swift */,
				86DB277E1FE8D49A00585405 /* AppDelegate.swift */,
				862D902320346646001308A4 /* BlinkeyeOptionViewController.swift */,
				8615D4EA1FE92DBC00CE9721 /* BookmarksViewController.swift */,
				862FE1172033CBFE0026EA08 /* CreditoptionsViewController.swift */,
				862FE1192033D0340026EA08 /* ForcebreakViewController.swift */,
				8615D4E81FE92D5F00CE9721 /* RestViewController.swift */,
				8615D4E41FE92CB900CE9721 /* SettingViewController.swift */,
				86DB27801FE8D49A00585405 /* ViewController.swift */,
			);
			path = "Source Code";
			sourceTree = "<group>";
		};
		86DB27721FE8D49900585405 = {
			isa = PBXGroup;
			children = (
				86DB277D1FE8D49A00585405 /* AntiDriEye */,
				86DB277C1FE8D49A00585405 /* Products */,
				8615D4DF1FE902FA00CE9721 /* Frameworks */,
			);
			sourceTree = "<group>";
		};
		86DB277C1FE8D49A00585405 /* Products */ = {
			isa = PBXGroup;
			children = (
				86DB277B1FE8D49900585405 /* AntiDriEye.app */,
			);
			name = Products;
			sourceTree = "<group>";
		};
		86DB277D1FE8D49A00585405 /* AntiDriEye */ = {
			isa = PBXGroup;
			children = (
				86DB278A1FE8D49A00585405 /* Info.plist */,
				8615D4E21FE92BE400CE9721 /* UserInfoDB.swift */,
				86DB27851FE8D49A00585405 /* Assets.xcassets */,
				86DB27871FE8D49A00585405 /* LaunchScreen.storyboard */,
				86DB27821FE8D49A00585405 /* Main.storyboard */,
				862D902620346669001308A4 /* Source Code */,
			);
			path = AntiDriEye;
			sourceTree = "<group>";
		};
/* End PBXGroup section */

/* Begin PBXNativeTarget section */
		86DB277A1FE8D49900585405 /* AntiDriEye */ = {
			isa = PBXNativeTarget;
			buildConfigurationList = 86DB278D1FE8D49A00585405 /* Build configuration list for PBXNativeTarget "AntiDriEye" */;
			buildPhases = (
				86DB27771FE8D49900585405 /* Sources */,
				86DB27781FE8D49900585405 /* Frameworks */,
				86DB27791FE8D49900585405 /* Resources */,
			);
			buildRules = (
			);
			dependencies = (
			);
			name = AntiDriEye;
			productName = AntiDriEye;
			productReference = 86DB277B1FE8D49900585405 /* AntiDriEye.app */;
			productType = "com.apple.product-type.application";
		};
/* End PBXNativeTarget section */

/* Begin PBXProject section */
		86DB27731FE8D49900585405 /* Project object */ = {
			isa = PBXProject;
			attributes = {
				LastSwiftUpdateCheck = 0920;
				LastUpgradeCheck = 0920;
				ORGANIZATIONNAME = HM;
				TargetAttributes = {
					86DB277A1FE8D49900585405 = {
						CreatedOnToolsVersion = 9.2;
						ProvisioningStyle = Automatic;
					};
				};
			};
			buildConfigurationList = 86DB27761FE8D49900585405 /* Build configuration list for PBXProject "AntiDriEye" */;
			compatibilityVersion = "Xcode 8.0";
			developmentRegion = en;
			hasScannedForEncodings = 0;
			knownRegions = (
				en,
				Base,
			);
			mainGroup = 86DB27721FE8D49900585405;
			productRefGroup = 86DB277C1FE8D49A00585405 /* Products */;
			projectDirPath = "";
			projectRoot = "";
			targets = (
				86DB277A1FE8D49900585405 /* AntiDriEye */,
			);
		};
/* End PBXProject section */

/* Begin PBXResourcesBuildPhase section */
		86DB27791FE8D49900585405 /* Resources */ = {
			isa = PBXResourcesBuildPhase;
			buildActionMask = 2147483647;
			files = (
				86DB27891FE8D49A00585405 /* LaunchScreen.storyboard in Resources */,
				86DB27861FE8D49A00585405 /* Assets.xcassets in Resources */,
				86DB27841FE8D49A00585405 /* Main.storyboard in Resources */,
			);
			runOnlyForDeploymentPostprocessing = 0;
		};
/* End PBXResourcesBuildPhase section */

/* Begin PBXSourcesBuildPhase section */
		86DB27771FE8D49900585405 /* Sources */ = {
			isa = PBXSourcesBuildPhase;
			buildActionMask = 2147483647;
			files = (
				862D902420346646001308A4 /* BlinkeyeOptionViewController.swift in Sources */,
				8615D4EB1FE92DBC00CE9721 /* BookmarksViewController.swift in Sources */,
				86DB27811FE8D49A00585405 /* ViewController.swift in Sources */,
				8615D4E31FE92BE400CE9721 /* UserInfoDB.swift in Sources */,
				86DB277F1FE8D49A00585405 /* AppDelegate.swift in Sources */,
				862D902820351D2A001308A4 /* AdoptionViewController.swift in Sources */,
				862FE1182033CBFE0026EA08 /* CreditoptionsViewController.swift in Sources */,
				862FE11A2033D0340026EA08 /* ForcebreakViewController.swift in Sources */,
				8615D4E91FE92D5F00CE9721 /* RestViewController.swift in Sources */,
				8615D4E51FE92CB900CE9721 /* SettingViewController.swift in Sources */,
			);
			runOnlyForDeploymentPostprocessing = 0;
		};
/* End PBXSourcesBuildPhase section */

/* Begin PBXVariantGroup section */
		86DB27821FE8D49A00585405 /* Main.storyboard */ = {
			isa = PBXVariantGroup;
			children = (
				86DB27831FE8D49A00585405 /* Base */,
			);
			name = Main.storyboard;
			sourceTree = "<group>";
		};
		86DB27871FE8D49A00585405 /* LaunchScreen.storyboard */ = {
			isa = PBXVariantGroup;
			children = (
				86DB27881FE8D49A00585405 /* Base */,
			);
			name = LaunchScreen.storyboard;
			sourceTree = "<group>";
		};
/* End PBXVariantGroup section */

/* Begin XCBuildConfiguration section */
		86DB278B1FE8D49A00585405 /* Debug */ = {
			isa = XCBuildConfiguration;
			buildSettings = {
				ALWAYS_SEARCH_USER_PATHS = NO;
				CLANG_ANALYZER_NONNULL = YES;
				CLANG_ANALYZER_NUMBER_OBJECT_CONVERSION = YES_AGGRESSIVE;
				CLANG_CXX_LANGUAGE_STANDARD = "gnu++14";
				CLANG_CXX_LIBRARY = "libc++";
				CLANG_ENABLE_MODULES = YES;
				CLANG_ENABLE_OBJC_ARC = YES;
				CLANG_WARN_BLOCK_CAPTURE_AUTORELEASING = YES;
				CLANG_WARN_BOOL_CONVERSION = YES;
				CLANG_WARN_COMMA = YES;
				CLANG_WARN_CONSTANT_CONVERSION = YES;
				CLANG_WARN_DIRECT_OBJC_ISA_USAGE = YES_ERROR;
				CLANG_WARN_DOCUMENTATION_COMMENTS = YES;
				CLANG_WARN_EMPTY_BODY = YES;
				CLANG_WARN_ENUM_CONVERSION = YES;
				CLANG_WARN_INFINITE_RECURSION = YES;
				CLANG_WARN_INT_CONVERSION = YES;
				CLANG_WARN_NON_LITERAL_NULL_CONVERSION = YES;
				CLANG_WARN_OBJC_LITERAL_CONVERSION = YES;
				CLANG_WARN_OBJC_ROOT_CLASS = YES_ERROR;
				CLANG_WARN_RANGE_LOOP_ANALYSIS = YES;
				CLANG_WARN_STRICT_PROTOTYPES = YES;
				CLANG_WARN_SUSPICIOUS_MOVE = YES;
				CLANG_WARN_UNGUARDED_AVAILABILITY = YES_AGGRESSIVE;
				CLANG_WARN_UNREACHABLE_CODE = YES;
				CLANG_WARN__DUPLICATE_METHOD_MATCH = YES;
				CODE_SIGN_IDENTITY = "iPhone Developer";
				COPY_PHASE_STRIP = NO;
				DEBUG_INFORMATION_FORMAT = dwarf;
				ENABLE_STRICT_OBJC_MSGSEND = YES;
				ENABLE_TESTABILITY = YES;
				GCC_C_LANGUAGE_STANDARD = gnu11;
				GCC_DYNAMIC_NO_PIC = NO;
				GCC_NO_COMMON_BLOCKS = YES;
				GCC_OPTIMIZATION_LEVEL = 0;
				GCC_PREPROCESSOR_DEFINITIONS = (
					"DEBUG=1",
					"$(inherited)",
				);
				GCC_WARN_64_TO_32_BIT_CONVERSION = YES;
				GCC_WARN_ABOUT_RETURN_TYPE = YES_ERROR;
				GCC_WARN_UNDECLARED_SELECTOR = YES;
				GCC_WARN_UNINITIALIZED_AUTOS = YES_AGGRESSIVE;
				GCC_WARN_UNUSED_FUNCTION = YES;
				GCC_WARN_UNUSED_VARIABLE = YES;
				IPHONEOS_DEPLOYMENT_TARGET = 11.2;
				MTL_ENABLE_DEBUG_INFO = YES;
				ONLY_ACTIVE_ARCH = YES;
				SDKROOT = iphoneos;
				SWIFT_ACTIVE_COMPILATION_CONDITIONS = DEBUG;
				SWIFT_OPTIMIZATION_LEVEL = "-Onone";
			};
			name = Debug;
		};
		86DB278C1FE8D49A00585405 /* Release */ = {
			isa = XCBuildConfiguration;
			buildSettings = {
				ALWAYS_SEARCH_USER_PATHS = NO;
				CLANG_ANALYZER_NONNULL = YES;
				CLANG_ANALYZER_NUMBER_OBJECT_CONVERSION = YES_AGGRESSIVE;
				CLANG_CXX_LANGUAGE_STANDARD = "gnu++14";
				CLANG_CXX_LIBRARY = "libc++";
				CLANG_ENABLE_MODULES = YES;
				CLANG_ENABLE_OBJC_ARC = YES;
				CLANG_WARN_BLOCK_CAPTURE_AUTORELEASING = YES;
				CLANG_WARN_BOOL_CONVERSION = YES;
				CLANG_WARN_COMMA = YES;
				CLANG_WARN_CONSTANT_CONVERSION = YES;
				CLANG_WARN_DIRECT_OBJC_ISA_USAGE = YES_ERROR;
				CLANG_WARN_DOCUMENTATION_COMMENTS = YES;
				CLANG_WARN_EMPTY_BODY = YES;
				CLANG_WARN_ENUM_CONVERSION = YES;
				CLANG_WARN_INFINITE_RECURSION = YES;
				CLANG_WARN_INT_CONVERSION = YES;
				CLANG_WARN_NON_LITERAL_NULL_CONVERSION = YES;
				CLANG_WARN_OBJC_LITERAL_CONVERSION = YES;
				CLANG_WARN_OBJC_ROOT_CLASS = YES_ERROR;
				CLANG_WARN_RANGE_LOOP_ANALYSIS = YES;
				CLANG_WARN_STRICT_PROTOTYPES = YES;
				CLANG_WARN_SUSPICIOUS_MOVE = YES;
				CLANG_WARN_UNGUARDED_AVAILABILITY = YES_AGGRESSIVE;
				CLANG_WARN_UNREACHABLE_CODE = YES;
				CLANG_WARN__DUPLICATE_METHOD_MATCH = YES;
				CODE_SIGN_IDENTITY = "iPhone Developer";
				COPY_PHASE_STRIP = NO;
				DEBUG_INFORMATION_FORMAT = "dwarf-with-dsym";
				ENABLE_NS_ASSERTIONS = NO;
				ENABLE_STRICT_OBJC_MSGSEND = YES;
				GCC_C_LANGUAGE_STANDARD = gnu11;
				GCC_NO_COMMON_BLOCKS = YES;
				GCC_WARN_64_TO_32_BIT_CONVERSION = YES;
				GCC_WARN_ABOUT_RETURN_TYPE = YES_ERROR;
				GCC_WARN_UNDECLARED_SELECTOR = YES;
				GCC_WARN_UNINITIALIZED_AUTOS = YES_AGGRESSIVE;
				GCC_WARN_UNUSED_FUNCTION = YES;
				GCC_WARN_UNUSED_VARIABLE = YES;
				IPHONEOS_DEPLOYMENT_TARGET = 11.2;
				MTL_ENABLE_DEBUG_INFO = NO;
				SDKROOT = iphoneos;
				SWIFT_OPTIMIZATION_LEVEL = "-Owholemodule";
				VALIDATE_PRODUCT = YES;
			};
			name = Release;
		};
		86DB278E1FE8D49A00585405 /* Debug */ = {
			isa = XCBuildConfiguration;
			buildSettings = {
				ASSETCATALOG_COMPILER_APPICON_NAME = AppIcon;
				CODE_SIGN_STYLE = Automatic;
				DEVELOPMENT_TEAM = 8WV5TPYB24;
				INFOPLIST_FILE = AntiDriEye/Info.plist;
				LD_RUNPATH_SEARCH_PATHS = "$(inherited) @executable_path/Frameworks";
				PRODUCT_BUNDLE_IDENTIFIER = Greengeckogames.AntiDriEye;
				PRODUCT_NAME = "$(TARGET_NAME)";
				SWIFT_VERSION = 4.0;
				TARGETED_DEVICE_FAMILY = "1,2";
			};
			name = Debug;
		};
		86DB278F1FE8D49A00585405 /* Release */ = {
			isa = XCBuildConfiguration;
			buildSettings = {
				ASSETCATALOG_COMPILER_APPICON_NAME = AppIcon;
				CODE_SIGN_STYLE = Automatic;
				DEVELOPMENT_TEAM = 8WV5TPYB24;
				INFOPLIST_FILE = AntiDriEye/Info.plist;
				LD_RUNPATH_SEARCH_PATHS = "$(inherited) @executable_path/Frameworks";
				PRODUCT_BUNDLE_IDENTIFIER = Greengeckogames.AntiDriEye;
				PRODUCT_NAME = "$(TARGET_NAME)";
				SWIFT_VERSION = 4.0;
				TARGETED_DEVICE_FAMILY = "1,2";
			};
			name = Release;
		};
/* End XCBuildConfiguration section */

/* Begin XCConfigurationList section */
		86DB27761FE8D49900585405 /* Build configuration list for PBXProject "AntiDriEye" */ = {
			isa = XCConfigurationList;
			buildConfigurations = (
				86DB278B1FE8D49A00585405 /* Debug */,
				86DB278C1FE8D49A00585405 /* Release */,
			);
			defaultConfigurationIsVisible = 0;
			defaultConfigurationName = Release;
		};
		86DB278D1FE8D49A00585405 /* Build configuration list for PBXNativeTarget "AntiDriEye" */ = {
			isa = XCConfigurationList;
			buildConfigurations = (
				86DB278E1FE8D49A00585405 /* Debug */,
				86DB278F1FE8D49A00585405 /* Release */,
			);
			defaultConfigurationIsVisible = 0;
			defaultConfigurationName = Release;
		};
/* End XCConfigurationList section */
	};
	rootObject = 86DB27731FE8D49900585405 /* Project object */;
}
